
Microsoft Visual Studio Solution File, Format Version 12.00
# Visual Studio Version 17
VisualStudioVersion = 17.0.32014.148
MinimumVisualStudioVersion = 15.0.26124.0
Project("{2150E333-8FDC-42A3-9474-1A3956D46DE8}") = "src", "src", "{AF6EA90D-5932-46BD-9AA7-15E485122792}"
EndProject
Project("{2150E333-8FDC-42A3-9474-1A3956D46DE8}") = "Solution Items", "Solution Items", "{912C6A8E-9F11-4790-B9CE-01FD83CB8D87}"
EndProject
Project("{2150E333-8FDC-42A3-9474-1A3956D46DE8}") = "BuildingBlocks", "BuildingBlocks", "{E8250C1F-3938-4A88-B390-CA6736E5F936}"
EndProject
Project("{2150E333-8FDC-42A3-9474-1A3956D46DE8}") = "EventSourcing", "EventSourcing", "{D46A7A86-E089-403C-86DF-2CFBB5BC7C1E}"
EndProject
Project("{9A19103F-16F7-4668-BE54-9A1E7A4F7556}") = "EventSourcing", "src\BuildingBlocks\EventSourcing\EventSourcing\EventSourcing.csproj", "{B9370ED4-5CCD-451C-B341-ABAAE7322E9A}"
EndProject
Project("{9A19103F-16F7-4668-BE54-9A1E7A4F7556}") = "EventSourcing.Tests", "src\BuildingBlocks\EventSourcing\EventSourcing.Tests\EventSourcing.Tests.csproj", "{46A878D4-5537-4581-A888-0E30B5154F43}"
EndProject
Project("{2150E333-8FDC-42A3-9474-1A3956D46DE8}") = "Validation", "Validation", "{CD5E3C4E-66C8-46DB-A5CE-8D8747B43745}"
EndProject
Project("{9A19103F-16F7-4668-BE54-9A1E7A4F7556}") = "Validation.Tests", "src\BuildingBlocks\Validation\Validation.Tests\Validation.Tests.csproj", "{5DF39BBD-445C-4935-A9AD-56A82E72B1F6}"
EndProject
Project("{2150E333-8FDC-42A3-9474-1A3956D46DE8}") = "Templating", "Templating", "{A2DB8DBA-A4F0-4C0C-8521-5396B9C21A44}"
EndProject
Project("{9A19103F-16F7-4668-BE54-9A1E7A4F7556}") = "Templating", "src\BuildingBlocks\Templating\Templating\Templating.csproj", "{90E22D71-4842-4549-B6E1-2F7A1D4C3C3F}"
EndProject
Project("{9A19103F-16F7-4668-BE54-9A1E7A4F7556}") = "Templating.Tests", "src\BuildingBlocks\Templating\Templating.Tests\Templating.Tests.csproj", "{8E25EA15-3778-4ED3-BDB3-B60BD18D5E20}"
EndProject
Project("{9A19103F-16F7-4668-BE54-9A1E7A4F7556}") = "Validation", "src\BuildingBlocks\Validation\Validation\Validation.csproj", "{ACD8418D-007D-4CAA-A71E-DA39D6C2F053}"
EndProject
Project("{2150E333-8FDC-42A3-9474-1A3956D46DE8}") = "Security", "Security", "{6BE34951-DD85-417D-8FEE-F69921414FE0}"
EndProject
Project("{9A19103F-16F7-4668-BE54-9A1E7A4F7556}") = "Security", "src\BuildingBlocks\Security\Security\Security.csproj", "{FE3A5415-B2BF-4A44-BCD9-BBB9B2FFA715}"
EndProject
Project("{9A19103F-16F7-4668-BE54-9A1E7A4F7556}") = "Security.Tests", "src\BuildingBlocks\Security\Security.Tests\Security.Tests.csproj", "{7DFA29A9-7993-48E8-8DAF-2D36D69BB085}"
EndProject
Project("{2150E333-8FDC-42A3-9474-1A3956D46DE8}") = "Payments", "Payments", "{0AD27FF2-5687-4E47-AEE4-C9CCFDA46321}"
EndProject
Project("{9A19103F-16F7-4668-BE54-9A1E7A4F7556}") = "Payments", "src\BuildingBlocks\Payments\Payments\Payments.csproj", "{B0305779-EF0C-488C-8742-E54D992EF3F5}"
EndProject
Project("{9A19103F-16F7-4668-BE54-9A1E7A4F7556}") = "Payments.Tests", "src\BuildingBlocks\Payments\Payments.Tests\Payments.Tests.csproj", "{610E33E1-FD63-4859-8077-51CF14B3EE59}"
EndProject
Project("{2150E333-8FDC-42A3-9474-1A3956D46DE8}") = "Messaging", "Messaging", "{48C5F52B-2D22-4DF8-8D12-4BA33BB4FD4F}"
EndProject
Project("{9A19103F-16F7-4668-BE54-9A1E7A4F7556}") = "Messaging", "src\BuildingBlocks\Messaging\Messaging\Messaging.csproj", "{C6013CAD-EBA4-41E5-AA6F-2E48314073AC}"
EndProject
Project("{9A19103F-16F7-4668-BE54-9A1E7A4F7556}") = "Messaging.Tests", "src\BuildingBlocks\Messaging\Messaging.Tests\Messaging.Tests.csproj", "{C9FB17EB-D6F6-4C1B-9915-98DF2FCFB5A2}"
EndProject
Project("{2150E333-8FDC-42A3-9474-1A3956D46DE8}") = "Services", "Services", "{21660304-2B32-4952-BA80-1AADCB259B75}"
EndProject
Project("{2150E333-8FDC-42A3-9474-1A3956D46DE8}") = "IdentityService", "IdentityService", "{A661A5DB-1346-4CF5-A7CC-1C3741FD5DCA}"
EndProject
Project("{9A19103F-16F7-4668-BE54-9A1E7A4F7556}") = "IdentityService.Core", "src\Services\IdentityService\IdentityService.Core\IdentityService.Core.csproj", "{95566D08-EC1A-4AB3-B751-DF57ED847281}"
EndProject
Project("{9A19103F-16F7-4668-BE54-9A1E7A4F7556}") = "IdentityService.Core.Tests", "src\Services\IdentityService\IdentityService.Core.Tests\IdentityService.Core.Tests.csproj", "{A245CCC3-35B1-490F-A441-BBB8C7C2F0D0}"
EndProject
Project("{9A19103F-16F7-4668-BE54-9A1E7A4F7556}") = "IdentityService.Infrastructure", "src\Services\IdentityService\IdentityService.Infrastructure\IdentityService.Infrastructure.csproj", "{99C701C3-7593-411F-B657-9E60BA04961A}"
EndProject
Project("{9A19103F-16F7-4668-BE54-9A1E7A4F7556}") = "IdentityService.Infrastructure.Tests", "src\Services\IdentityService\IdentityService.Infrastructure.Tests\IdentityService.Infrastructure.Tests.csproj", "{E2CD5A72-4F2E-4740-98FF-5FE75D4A257E}"
EndProject
Project("{2150E333-8FDC-42A3-9474-1A3956D46DE8}") = "ApiGateways", "ApiGateways", "{BD4BC2AD-441F-4C7F-AC29-A7ED89155807}"
EndProject
Project("{9A19103F-16F7-4668-BE54-9A1E7A4F7556}") = "Web.Bff", "src\ApiGateways\Web.Bff\Web.Bff.csproj", "{DC525E4B-B473-4836-9DD8-73CBCBF63AD0}"
EndProject
Project("{2150E333-8FDC-42A3-9474-1A3956D46DE8}") = "Web", "Web", "{0DC05D9B-99CC-425A-85C3-AAC9ED9ED60D}"
EndProject
Project("{9A19103F-16F7-4668-BE54-9A1E7A4F7556}") = "WebSpa", "src\Web\WebSpa\WebSpa.csproj", "{541F5411-20FE-4AF6-91BB-D92FFE85665D}"
EndProject
Global
	GlobalSection(SolutionConfigurationPlatforms) = preSolution
		Debug|Any CPU = Debug|Any CPU
		Debug|x64 = Debug|x64
		Debug|x86 = Debug|x86
		Release|Any CPU = Release|Any CPU
		Release|x64 = Release|x64
		Release|x86 = Release|x86
	EndGlobalSection
	GlobalSection(ProjectConfigurationPlatforms) = postSolution
		{B9370ED4-5CCD-451C-B341-ABAAE7322E9A}.Debug|Any CPU.ActiveCfg = Debug|Any CPU
		{B9370ED4-5CCD-451C-B341-ABAAE7322E9A}.Debug|Any CPU.Build.0 = Debug|Any CPU
		{B9370ED4-5CCD-451C-B341-ABAAE7322E9A}.Debug|x64.ActiveCfg = Debug|Any CPU
		{B9370ED4-5CCD-451C-B341-ABAAE7322E9A}.Debug|x64.Build.0 = Debug|Any CPU
		{B9370ED4-5CCD-451C-B341-ABAAE7322E9A}.Debug|x86.ActiveCfg = Debug|Any CPU
		{B9370ED4-5CCD-451C-B341-ABAAE7322E9A}.Debug|x86.Build.0 = Debug|Any CPU
		{B9370ED4-5CCD-451C-B341-ABAAE7322E9A}.Release|Any CPU.ActiveCfg = Release|Any CPU
		{B9370ED4-5CCD-451C-B341-ABAAE7322E9A}.Release|Any CPU.Build.0 = Release|Any CPU
		{B9370ED4-5CCD-451C-B341-ABAAE7322E9A}.Release|x64.ActiveCfg = Release|Any CPU
		{B9370ED4-5CCD-451C-B341-ABAAE7322E9A}.Release|x64.Build.0 = Release|Any CPU
		{B9370ED4-5CCD-451C-B341-ABAAE7322E9A}.Release|x86.ActiveCfg = Release|Any CPU
		{B9370ED4-5CCD-451C-B341-ABAAE7322E9A}.Release|x86.Build.0 = Release|Any CPU
		{46A878D4-5537-4581-A888-0E30B5154F43}.Debug|Any CPU.ActiveCfg = Debug|Any CPU
		{46A878D4-5537-4581-A888-0E30B5154F43}.Debug|Any CPU.Build.0 = Debug|Any CPU
		{46A878D4-5537-4581-A888-0E30B5154F43}.Debug|x64.ActiveCfg = Debug|Any CPU
		{46A878D4-5537-4581-A888-0E30B5154F43}.Debug|x64.Build.0 = Debug|Any CPU
		{46A878D4-5537-4581-A888-0E30B5154F43}.Debug|x86.ActiveCfg = Debug|Any CPU
		{46A878D4-5537-4581-A888-0E30B5154F43}.Debug|x86.Build.0 = Debug|Any CPU
		{46A878D4-5537-4581-A888-0E30B5154F43}.Release|Any CPU.ActiveCfg = Release|Any CPU
		{46A878D4-5537-4581-A888-0E30B5154F43}.Release|Any CPU.Build.0 = Release|Any CPU
		{46A878D4-5537-4581-A888-0E30B5154F43}.Release|x64.ActiveCfg = Release|Any CPU
		{46A878D4-5537-4581-A888-0E30B5154F43}.Release|x64.Build.0 = Release|Any CPU
		{46A878D4-5537-4581-A888-0E30B5154F43}.Release|x86.ActiveCfg = Release|Any CPU
		{46A878D4-5537-4581-A888-0E30B5154F43}.Release|x86.Build.0 = Release|Any CPU
		{5DF39BBD-445C-4935-A9AD-56A82E72B1F6}.Debug|Any CPU.ActiveCfg = Debug|Any CPU
		{5DF39BBD-445C-4935-A9AD-56A82E72B1F6}.Debug|Any CPU.Build.0 = Debug|Any CPU
		{5DF39BBD-445C-4935-A9AD-56A82E72B1F6}.Debug|x64.ActiveCfg = Debug|Any CPU
		{5DF39BBD-445C-4935-A9AD-56A82E72B1F6}.Debug|x64.Build.0 = Debug|Any CPU
		{5DF39BBD-445C-4935-A9AD-56A82E72B1F6}.Debug|x86.ActiveCfg = Debug|Any CPU
		{5DF39BBD-445C-4935-A9AD-56A82E72B1F6}.Debug|x86.Build.0 = Debug|Any CPU
		{5DF39BBD-445C-4935-A9AD-56A82E72B1F6}.Release|Any CPU.ActiveCfg = Release|Any CPU
		{5DF39BBD-445C-4935-A9AD-56A82E72B1F6}.Release|Any CPU.Build.0 = Release|Any CPU
		{5DF39BBD-445C-4935-A9AD-56A82E72B1F6}.Release|x64.ActiveCfg = Release|Any CPU
		{5DF39BBD-445C-4935-A9AD-56A82E72B1F6}.Release|x64.Build.0 = Release|Any CPU
		{5DF39BBD-445C-4935-A9AD-56A82E72B1F6}.Release|x86.ActiveCfg = Release|Any CPU
		{5DF39BBD-445C-4935-A9AD-56A82E72B1F6}.Release|x86.Build.0 = Release|Any CPU
		{90E22D71-4842-4549-B6E1-2F7A1D4C3C3F}.Debug|Any CPU.ActiveCfg = Debug|Any CPU
		{90E22D71-4842-4549-B6E1-2F7A1D4C3C3F}.Debug|Any CPU.Build.0 = Debug|Any CPU
		{90E22D71-4842-4549-B6E1-2F7A1D4C3C3F}.Debug|x64.ActiveCfg = Debug|Any CPU
		{90E22D71-4842-4549-B6E1-2F7A1D4C3C3F}.Debug|x64.Build.0 = Debug|Any CPU
		{90E22D71-4842-4549-B6E1-2F7A1D4C3C3F}.Debug|x86.ActiveCfg = Debug|Any CPU
		{90E22D71-4842-4549-B6E1-2F7A1D4C3C3F}.Debug|x86.Build.0 = Debug|Any CPU
		{90E22D71-4842-4549-B6E1-2F7A1D4C3C3F}.Release|Any CPU.ActiveCfg = Release|Any CPU
		{90E22D71-4842-4549-B6E1-2F7A1D4C3C3F}.Release|Any CPU.Build.0 = Release|Any CPU
		{90E22D71-4842-4549-B6E1-2F7A1D4C3C3F}.Release|x64.ActiveCfg = Release|Any CPU
		{90E22D71-4842-4549-B6E1-2F7A1D4C3C3F}.Release|x64.Build.0 = Release|Any CPU
		{90E22D71-4842-4549-B6E1-2F7A1D4C3C3F}.Release|x86.ActiveCfg = Release|Any CPU
		{90E22D71-4842-4549-B6E1-2F7A1D4C3C3F}.Release|x86.Build.0 = Release|Any CPU
		{8E25EA15-3778-4ED3-BDB3-B60BD18D5E20}.Debug|Any CPU.ActiveCfg = Debug|Any CPU
		{8E25EA15-3778-4ED3-BDB3-B60BD18D5E20}.Debug|Any CPU.Build.0 = Debug|Any CPU
		{8E25EA15-3778-4ED3-BDB3-B60BD18D5E20}.Debug|x64.ActiveCfg = Debug|Any CPU
		{8E25EA15-3778-4ED3-BDB3-B60BD18D5E20}.Debug|x64.Build.0 = Debug|Any CPU
		{8E25EA15-3778-4ED3-BDB3-B60BD18D5E20}.Debug|x86.ActiveCfg = Debug|Any CPU
		{8E25EA15-3778-4ED3-BDB3-B60BD18D5E20}.Debug|x86.Build.0 = Debug|Any CPU
		{8E25EA15-3778-4ED3-BDB3-B60BD18D5E20}.Release|Any CPU.ActiveCfg = Release|Any CPU
		{8E25EA15-3778-4ED3-BDB3-B60BD18D5E20}.Release|Any CPU.Build.0 = Release|Any CPU
		{8E25EA15-3778-4ED3-BDB3-B60BD18D5E20}.Release|x64.ActiveCfg = Release|Any CPU
		{8E25EA15-3778-4ED3-BDB3-B60BD18D5E20}.Release|x64.Build.0 = Release|Any CPU
		{8E25EA15-3778-4ED3-BDB3-B60BD18D5E20}.Release|x86.ActiveCfg = Release|Any CPU
		{8E25EA15-3778-4ED3-BDB3-B60BD18D5E20}.Release|x86.Build.0 = Release|Any CPU
		{ACD8418D-007D-4CAA-A71E-DA39D6C2F053}.Debug|Any CPU.ActiveCfg = Debug|Any CPU
		{ACD8418D-007D-4CAA-A71E-DA39D6C2F053}.Debug|Any CPU.Build.0 = Debug|Any CPU
		{ACD8418D-007D-4CAA-A71E-DA39D6C2F053}.Debug|x64.ActiveCfg = Debug|Any CPU
		{ACD8418D-007D-4CAA-A71E-DA39D6C2F053}.Debug|x64.Build.0 = Debug|Any CPU
		{ACD8418D-007D-4CAA-A71E-DA39D6C2F053}.Debug|x86.ActiveCfg = Debug|Any CPU
		{ACD8418D-007D-4CAA-A71E-DA39D6C2F053}.Debug|x86.Build.0 = Debug|Any CPU
		{ACD8418D-007D-4CAA-A71E-DA39D6C2F053}.Release|Any CPU.ActiveCfg = Release|Any CPU
		{ACD8418D-007D-4CAA-A71E-DA39D6C2F053}.Release|Any CPU.Build.0 = Release|Any CPU
		{ACD8418D-007D-4CAA-A71E-DA39D6C2F053}.Release|x64.ActiveCfg = Release|Any CPU
		{ACD8418D-007D-4CAA-A71E-DA39D6C2F053}.Release|x64.Build.0 = Release|Any CPU
		{ACD8418D-007D-4CAA-A71E-DA39D6C2F053}.Release|x86.ActiveCfg = Release|Any CPU
		{ACD8418D-007D-4CAA-A71E-DA39D6C2F053}.Release|x86.Build.0 = Release|Any CPU
		{FE3A5415-B2BF-4A44-BCD9-BBB9B2FFA715}.Debug|Any CPU.ActiveCfg = Debug|Any CPU
		{FE3A5415-B2BF-4A44-BCD9-BBB9B2FFA715}.Debug|Any CPU.Build.0 = Debug|Any CPU
		{FE3A5415-B2BF-4A44-BCD9-BBB9B2FFA715}.Debug|x64.ActiveCfg = Debug|Any CPU
		{FE3A5415-B2BF-4A44-BCD9-BBB9B2FFA715}.Debug|x64.Build.0 = Debug|Any CPU
		{FE3A5415-B2BF-4A44-BCD9-BBB9B2FFA715}.Debug|x86.ActiveCfg = Debug|Any CPU
		{FE3A5415-B2BF-4A44-BCD9-BBB9B2FFA715}.Debug|x86.Build.0 = Debug|Any CPU
		{FE3A5415-B2BF-4A44-BCD9-BBB9B2FFA715}.Release|Any CPU.ActiveCfg = Release|Any CPU
		{FE3A5415-B2BF-4A44-BCD9-BBB9B2FFA715}.Release|Any CPU.Build.0 = Release|Any CPU
		{FE3A5415-B2BF-4A44-BCD9-BBB9B2FFA715}.Release|x64.ActiveCfg = Release|Any CPU
		{FE3A5415-B2BF-4A44-BCD9-BBB9B2FFA715}.Release|x64.Build.0 = Release|Any CPU
		{FE3A5415-B2BF-4A44-BCD9-BBB9B2FFA715}.Release|x86.ActiveCfg = Release|Any CPU
		{FE3A5415-B2BF-4A44-BCD9-BBB9B2FFA715}.Release|x86.Build.0 = Release|Any CPU
		{7DFA29A9-7993-48E8-8DAF-2D36D69BB085}.Debug|Any CPU.ActiveCfg = Debug|Any CPU
		{7DFA29A9-7993-48E8-8DAF-2D36D69BB085}.Debug|Any CPU.Build.0 = Debug|Any CPU
		{7DFA29A9-7993-48E8-8DAF-2D36D69BB085}.Debug|x64.ActiveCfg = Debug|Any CPU
		{7DFA29A9-7993-48E8-8DAF-2D36D69BB085}.Debug|x64.Build.0 = Debug|Any CPU
		{7DFA29A9-7993-48E8-8DAF-2D36D69BB085}.Debug|x86.ActiveCfg = Debug|Any CPU
		{7DFA29A9-7993-48E8-8DAF-2D36D69BB085}.Debug|x86.Build.0 = Debug|Any CPU
		{7DFA29A9-7993-48E8-8DAF-2D36D69BB085}.Release|Any CPU.ActiveCfg = Release|Any CPU
		{7DFA29A9-7993-48E8-8DAF-2D36D69BB085}.Release|Any CPU.Build.0 = Release|Any CPU
		{7DFA29A9-7993-48E8-8DAF-2D36D69BB085}.Release|x64.ActiveCfg = Release|Any CPU
		{7DFA29A9-7993-48E8-8DAF-2D36D69BB085}.Release|x64.Build.0 = Release|Any CPU
		{7DFA29A9-7993-48E8-8DAF-2D36D69BB085}.Release|x86.ActiveCfg = Release|Any CPU
		{7DFA29A9-7993-48E8-8DAF-2D36D69BB085}.Release|x86.Build.0 = Release|Any CPU
		{B0305779-EF0C-488C-8742-E54D992EF3F5}.Debug|Any CPU.ActiveCfg = Debug|Any CPU
		{B0305779-EF0C-488C-8742-E54D992EF3F5}.Debug|Any CPU.Build.0 = Debug|Any CPU
		{B0305779-EF0C-488C-8742-E54D992EF3F5}.Debug|x64.ActiveCfg = Debug|Any CPU
		{B0305779-EF0C-488C-8742-E54D992EF3F5}.Debug|x64.Build.0 = Debug|Any CPU
		{B0305779-EF0C-488C-8742-E54D992EF3F5}.Debug|x86.ActiveCfg = Debug|Any CPU
		{B0305779-EF0C-488C-8742-E54D992EF3F5}.Debug|x86.Build.0 = Debug|Any CPU
		{B0305779-EF0C-488C-8742-E54D992EF3F5}.Release|Any CPU.ActiveCfg = Release|Any CPU
		{B0305779-EF0C-488C-8742-E54D992EF3F5}.Release|Any CPU.Build.0 = Release|Any CPU
		{B0305779-EF0C-488C-8742-E54D992EF3F5}.Release|x64.ActiveCfg = Release|Any CPU
		{B0305779-EF0C-488C-8742-E54D992EF3F5}.Release|x64.Build.0 = Release|Any CPU
		{B0305779-EF0C-488C-8742-E54D992EF3F5}.Release|x86.ActiveCfg = Release|Any CPU
		{B0305779-EF0C-488C-8742-E54D992EF3F5}.Release|x86.Build.0 = Release|Any CPU
		{610E33E1-FD63-4859-8077-51CF14B3EE59}.Debug|Any CPU.ActiveCfg = Debug|Any CPU
		{610E33E1-FD63-4859-8077-51CF14B3EE59}.Debug|Any CPU.Build.0 = Debug|Any CPU
		{610E33E1-FD63-4859-8077-51CF14B3EE59}.Debug|x64.ActiveCfg = Debug|Any CPU
		{610E33E1-FD63-4859-8077-51CF14B3EE59}.Debug|x64.Build.0 = Debug|Any CPU
		{610E33E1-FD63-4859-8077-51CF14B3EE59}.Debug|x86.ActiveCfg = Debug|Any CPU
		{610E33E1-FD63-4859-8077-51CF14B3EE59}.Debug|x86.Build.0 = Debug|Any CPU
		{610E33E1-FD63-4859-8077-51CF14B3EE59}.Release|Any CPU.ActiveCfg = Release|Any CPU
		{610E33E1-FD63-4859-8077-51CF14B3EE59}.Release|Any CPU.Build.0 = Release|Any CPU
		{610E33E1-FD63-4859-8077-51CF14B3EE59}.Release|x64.ActiveCfg = Release|Any CPU
		{610E33E1-FD63-4859-8077-51CF14B3EE59}.Release|x64.Build.0 = Release|Any CPU
		{610E33E1-FD63-4859-8077-51CF14B3EE59}.Release|x86.ActiveCfg = Release|Any CPU
		{610E33E1-FD63-4859-8077-51CF14B3EE59}.Release|x86.Build.0 = Release|Any CPU
		{C6013CAD-EBA4-41E5-AA6F-2E48314073AC}.Debug|Any CPU.ActiveCfg = Debug|Any CPU
		{C6013CAD-EBA4-41E5-AA6F-2E48314073AC}.Debug|Any CPU.Build.0 = Debug|Any CPU
		{C6013CAD-EBA4-41E5-AA6F-2E48314073AC}.Debug|x64.ActiveCfg = Debug|Any CPU
		{C6013CAD-EBA4-41E5-AA6F-2E48314073AC}.Debug|x64.Build.0 = Debug|Any CPU
		{C6013CAD-EBA4-41E5-AA6F-2E48314073AC}.Debug|x86.ActiveCfg = Debug|Any CPU
		{C6013CAD-EBA4-41E5-AA6F-2E48314073AC}.Debug|x86.Build.0 = Debug|Any CPU
		{C6013CAD-EBA4-41E5-AA6F-2E48314073AC}.Release|Any CPU.ActiveCfg = Release|Any CPU
		{C6013CAD-EBA4-41E5-AA6F-2E48314073AC}.Release|Any CPU.Build.0 = Release|Any CPU
		{C6013CAD-EBA4-41E5-AA6F-2E48314073AC}.Release|x64.ActiveCfg = Release|Any CPU
		{C6013CAD-EBA4-41E5-AA6F-2E48314073AC}.Release|x64.Build.0 = Release|Any CPU
		{C6013CAD-EBA4-41E5-AA6F-2E48314073AC}.Release|x86.ActiveCfg = Release|Any CPU
		{C6013CAD-EBA4-41E5-AA6F-2E48314073AC}.Release|x86.Build.0 = Release|Any CPU
		{C9FB17EB-D6F6-4C1B-9915-98DF2FCFB5A2}.Debug|Any CPU.ActiveCfg = Debug|Any CPU
		{C9FB17EB-D6F6-4C1B-9915-98DF2FCFB5A2}.Debug|Any CPU.Build.0 = Debug|Any CPU
		{C9FB17EB-D6F6-4C1B-9915-98DF2FCFB5A2}.Debug|x64.ActiveCfg = Debug|Any CPU
		{C9FB17EB-D6F6-4C1B-9915-98DF2FCFB5A2}.Debug|x64.Build.0 = Debug|Any CPU
		{C9FB17EB-D6F6-4C1B-9915-98DF2FCFB5A2}.Debug|x86.ActiveCfg = Debug|Any CPU
		{C9FB17EB-D6F6-4C1B-9915-98DF2FCFB5A2}.Debug|x86.Build.0 = Debug|Any CPU
		{C9FB17EB-D6F6-4C1B-9915-98DF2FCFB5A2}.Release|Any CPU.ActiveCfg = Release|Any CPU
		{C9FB17EB-D6F6-4C1B-9915-98DF2FCFB5A2}.Release|Any CPU.Build.0 = Release|Any CPU
		{C9FB17EB-D6F6-4C1B-9915-98DF2FCFB5A2}.Release|x64.ActiveCfg = Release|Any CPU
		{C9FB17EB-D6F6-4C1B-9915-98DF2FCFB5A2}.Release|x64.Build.0 = Release|Any CPU
		{C9FB17EB-D6F6-4C1B-9915-98DF2FCFB5A2}.Release|x86.ActiveCfg = Release|Any CPU
		{C9FB17EB-D6F6-4C1B-9915-98DF2FCFB5A2}.Release|x86.Build.0 = Release|Any CPU
		{95566D08-EC1A-4AB3-B751-DF57ED847281}.Debug|Any CPU.ActiveCfg = Debug|Any CPU
		{95566D08-EC1A-4AB3-B751-DF57ED847281}.Debug|Any CPU.Build.0 = Debug|Any CPU
		{95566D08-EC1A-4AB3-B751-DF57ED847281}.Debug|x64.ActiveCfg = Debug|Any CPU
		{95566D08-EC1A-4AB3-B751-DF57ED847281}.Debug|x64.Build.0 = Debug|Any CPU
		{95566D08-EC1A-4AB3-B751-DF57ED847281}.Debug|x86.ActiveCfg = Debug|Any CPU
		{95566D08-EC1A-4AB3-B751-DF57ED847281}.Debug|x86.Build.0 = Debug|Any CPU
		{95566D08-EC1A-4AB3-B751-DF57ED847281}.Release|Any CPU.ActiveCfg = Release|Any CPU
		{95566D08-EC1A-4AB3-B751-DF57ED847281}.Release|Any CPU.Build.0 = Release|Any CPU
		{95566D08-EC1A-4AB3-B751-DF57ED847281}.Release|x64.ActiveCfg = Release|Any CPU
		{95566D08-EC1A-4AB3-B751-DF57ED847281}.Release|x64.Build.0 = Release|Any CPU
		{95566D08-EC1A-4AB3-B751-DF57ED847281}.Release|x86.ActiveCfg = Release|Any CPU
		{95566D08-EC1A-4AB3-B751-DF57ED847281}.Release|x86.Build.0 = Release|Any CPU
		{A245CCC3-35B1-490F-A441-BBB8C7C2F0D0}.Debug|Any CPU.ActiveCfg = Debug|Any CPU
		{A245CCC3-35B1-490F-A441-BBB8C7C2F0D0}.Debug|Any CPU.Build.0 = Debug|Any CPU
		{A245CCC3-35B1-490F-A441-BBB8C7C2F0D0}.Debug|x64.ActiveCfg = Debug|Any CPU
		{A245CCC3-35B1-490F-A441-BBB8C7C2F0D0}.Debug|x64.Build.0 = Debug|Any CPU
		{A245CCC3-35B1-490F-A441-BBB8C7C2F0D0}.Debug|x86.ActiveCfg = Debug|Any CPU
		{A245CCC3-35B1-490F-A441-BBB8C7C2F0D0}.Debug|x86.Build.0 = Debug|Any CPU
		{A245CCC3-35B1-490F-A441-BBB8C7C2F0D0}.Release|Any CPU.ActiveCfg = Release|Any CPU
		{A245CCC3-35B1-490F-A441-BBB8C7C2F0D0}.Release|Any CPU.Build.0 = Release|Any CPU
		{A245CCC3-35B1-490F-A441-BBB8C7C2F0D0}.Release|x64.ActiveCfg = Release|Any CPU
		{A245CCC3-35B1-490F-A441-BBB8C7C2F0D0}.Release|x64.Build.0 = Release|Any CPU
		{A245CCC3-35B1-490F-A441-BBB8C7C2F0D0}.Release|x86.ActiveCfg = Release|Any CPU
		{A245CCC3-35B1-490F-A441-BBB8C7C2F0D0}.Release|x86.Build.0 = Release|Any CPU
		{99C701C3-7593-411F-B657-9E60BA04961A}.Debug|Any CPU.ActiveCfg = Debug|Any CPU
		{99C701C3-7593-411F-B657-9E60BA04961A}.Debug|Any CPU.Build.0 = Debug|Any CPU
		{99C701C3-7593-411F-B657-9E60BA04961A}.Debug|x64.ActiveCfg = Debug|Any CPU
		{99C701C3-7593-411F-B657-9E60BA04961A}.Debug|x64.Build.0 = Debug|Any CPU
		{99C701C3-7593-411F-B657-9E60BA04961A}.Debug|x86.ActiveCfg = Debug|Any CPU
		{99C701C3-7593-411F-B657-9E60BA04961A}.Debug|x86.Build.0 = Debug|Any CPU
		{99C701C3-7593-411F-B657-9E60BA04961A}.Release|Any CPU.ActiveCfg = Release|Any CPU
		{99C701C3-7593-411F-B657-9E60BA04961A}.Release|Any CPU.Build.0 = Release|Any CPU
		{99C701C3-7593-411F-B657-9E60BA04961A}.Release|x64.ActiveCfg = Release|Any CPU
		{99C701C3-7593-411F-B657-9E60BA04961A}.Release|x64.Build.0 = Release|Any CPU
		{99C701C3-7593-411F-B657-9E60BA04961A}.Release|x86.ActiveCfg = Release|Any CPU
		{99C701C3-7593-411F-B657-9E60BA04961A}.Release|x86.Build.0 = Release|Any CPU
		{E2CD5A72-4F2E-4740-98FF-5FE75D4A257E}.Debug|Any CPU.ActiveCfg = Debug|Any CPU
		{E2CD5A72-4F2E-4740-98FF-5FE75D4A257E}.Debug|Any CPU.Build.0 = Debug|Any CPU
		{E2CD5A72-4F2E-4740-98FF-5FE75D4A257E}.Debug|x64.ActiveCfg = Debug|Any CPU
		{E2CD5A72-4F2E-4740-98FF-5FE75D4A257E}.Debug|x64.Build.0 = Debug|Any CPU
		{E2CD5A72-4F2E-4740-98FF-5FE75D4A257E}.Debug|x86.ActiveCfg = Debug|Any CPU
		{E2CD5A72-4F2E-4740-98FF-5FE75D4A257E}.Debug|x86.Build.0 = Debug|Any CPU
		{E2CD5A72-4F2E-4740-98FF-5FE75D4A257E}.Release|Any CPU.ActiveCfg = Release|Any CPU
		{E2CD5A72-4F2E-4740-98FF-5FE75D4A257E}.Release|Any CPU.Build.0 = Release|Any CPU
		{E2CD5A72-4F2E-4740-98FF-5FE75D4A257E}.Release|x64.ActiveCfg = Release|Any CPU
		{E2CD5A72-4F2E-4740-98FF-5FE75D4A257E}.Release|x64.Build.0 = Release|Any CPU
		{E2CD5A72-4F2E-4740-98FF-5FE75D4A257E}.Release|x86.ActiveCfg = Release|Any CPU
		{E2CD5A72-4F2E-4740-98FF-5FE75D4A257E}.Release|x86.Build.0 = Release|Any CPU
		{DC525E4B-B473-4836-9DD8-73CBCBF63AD0}.Debug|Any CPU.ActiveCfg = Debug|Any CPU
		{DC525E4B-B473-4836-9DD8-73CBCBF63AD0}.Debug|Any CPU.Build.0 = Debug|Any CPU
		{DC525E4B-B473-4836-9DD8-73CBCBF63AD0}.Debug|x64.ActiveCfg = Debug|Any CPU
		{DC525E4B-B473-4836-9DD8-73CBCBF63AD0}.Debug|x64.Build.0 = Debug|Any CPU
		{DC525E4B-B473-4836-9DD8-73CBCBF63AD0}.Debug|x86.ActiveCfg = Debug|Any CPU
		{DC525E4B-B473-4836-9DD8-73CBCBF63AD0}.Debug|x86.Build.0 = Debug|Any CPU
		{DC525E4B-B473-4836-9DD8-73CBCBF63AD0}.Release|Any CPU.ActiveCfg = Release|Any CPU
		{DC525E4B-B473-4836-9DD8-73CBCBF63AD0}.Release|Any CPU.Build.0 = Release|Any CPU
		{DC525E4B-B473-4836-9DD8-73CBCBF63AD0}.Release|x64.ActiveCfg = Release|Any CPU
		{DC525E4B-B473-4836-9DD8-73CBCBF63AD0}.Release|x64.Build.0 = Release|Any CPU
		{DC525E4B-B473-4836-9DD8-73CBCBF63AD0}.Release|x86.ActiveCfg = Release|Any CPU
		{DC525E4B-B473-4836-9DD8-73CBCBF63AD0}.Release|x86.Build.0 = Release|Any CPU
		{541F5411-20FE-4AF6-91BB-D92FFE85665D}.Debug|Any CPU.ActiveCfg = Debug|Any CPU
		{541F5411-20FE-4AF6-91BB-D92FFE85665D}.Debug|Any CPU.Build.0 = Debug|Any CPU
		{541F5411-20FE-4AF6-91BB-D92FFE85665D}.Debug|x64.ActiveCfg = Debug|Any CPU
		{541F5411-20FE-4AF6-91BB-D92FFE85665D}.Debug|x64.Build.0 = Debug|Any CPU
		{541F5411-20FE-4AF6-91BB-D92FFE85665D}.Debug|x86.ActiveCfg = Debug|Any CPU
		{541F5411-20FE-4AF6-91BB-D92FFE85665D}.Debug|x86.Build.0 = Debug|Any CPU
		{541F5411-20FE-4AF6-91BB-D92FFE85665D}.Release|Any CPU.ActiveCfg = Release|Any CPU
		{541F5411-20FE-4AF6-91BB-D92FFE85665D}.Release|Any CPU.Build.0 = Release|Any CPU
		{541F5411-20FE-4AF6-91BB-D92FFE85665D}.Release|x64.ActiveCfg = Release|Any CPU
		{541F5411-20FE-4AF6-91BB-D92FFE85665D}.Release|x64.Build.0 = Release|Any CPU
		{541F5411-20FE-4AF6-91BB-D92FFE85665D}.Release|x86.ActiveCfg = Release|Any CPU
		{541F5411-20FE-4AF6-91BB-D92FFE85665D}.Release|x86.Build.0 = Release|Any CPU
	EndGlobalSection
	GlobalSection(SolutionProperties) = preSolution
		HideSolutionNode = FALSE
	EndGlobalSection
	GlobalSection(NestedProjects) = preSolution
		{E8250C1F-3938-4A88-B390-CA6736E5F936} = {AF6EA90D-5932-46BD-9AA7-15E485122792}
		{D46A7A86-E089-403C-86DF-2CFBB5BC7C1E} = {E8250C1F-3938-4A88-B390-CA6736E5F936}
		{B9370ED4-5CCD-451C-B341-ABAAE7322E9A} = {D46A7A86-E089-403C-86DF-2CFBB5BC7C1E}
		{46A878D4-5537-4581-A888-0E30B5154F43} = {D46A7A86-E089-403C-86DF-2CFBB5BC7C1E}
		{CD5E3C4E-66C8-46DB-A5CE-8D8747B43745} = {E8250C1F-3938-4A88-B390-CA6736E5F936}
		{5DF39BBD-445C-4935-A9AD-56A82E72B1F6} = {CD5E3C4E-66C8-46DB-A5CE-8D8747B43745}
		{A2DB8DBA-A4F0-4C0C-8521-5396B9C21A44} = {E8250C1F-3938-4A88-B390-CA6736E5F936}
		{90E22D71-4842-4549-B6E1-2F7A1D4C3C3F} = {A2DB8DBA-A4F0-4C0C-8521-5396B9C21A44}
		{8E25EA15-3778-4ED3-BDB3-B60BD18D5E20} = {A2DB8DBA-A4F0-4C0C-8521-5396B9C21A44}
		{ACD8418D-007D-4CAA-A71E-DA39D6C2F053} = {CD5E3C4E-66C8-46DB-A5CE-8D8747B43745}
		{6BE34951-DD85-417D-8FEE-F69921414FE0} = {E8250C1F-3938-4A88-B390-CA6736E5F936}
		{FE3A5415-B2BF-4A44-BCD9-BBB9B2FFA715} = {6BE34951-DD85-417D-8FEE-F69921414FE0}
		{7DFA29A9-7993-48E8-8DAF-2D36D69BB085} = {6BE34951-DD85-417D-8FEE-F69921414FE0}
		{0AD27FF2-5687-4E47-AEE4-C9CCFDA46321} = {E8250C1F-3938-4A88-B390-CA6736E5F936}
		{B0305779-EF0C-488C-8742-E54D992EF3F5} = {0AD27FF2-5687-4E47-AEE4-C9CCFDA46321}
		{610E33E1-FD63-4859-8077-51CF14B3EE59} = {0AD27FF2-5687-4E47-AEE4-C9CCFDA46321}
		{48C5F52B-2D22-4DF8-8D12-4BA33BB4FD4F} = {E8250C1F-3938-4A88-B390-CA6736E5F936}
		{C6013CAD-EBA4-41E5-AA6F-2E48314073AC} = {48C5F52B-2D22-4DF8-8D12-4BA33BB4FD4F}
		{C9FB17EB-D6F6-4C1B-9915-98DF2FCFB5A2} = {48C5F52B-2D22-4DF8-8D12-4BA33BB4FD4F}
		{21660304-2B32-4952-BA80-1AADCB259B75} = {AF6EA90D-5932-46BD-9AA7-15E485122792}
		{A661A5DB-1346-4CF5-A7CC-1C3741FD5DCA} = {21660304-2B32-4952-BA80-1AADCB259B75}
		{95566D08-EC1A-4AB3-B751-DF57ED847281} = {A661A5DB-1346-4CF5-A7CC-1C3741FD5DCA}
		{A245CCC3-35B1-490F-A441-BBB8C7C2F0D0} = {A661A5DB-1346-4CF5-A7CC-1C3741FD5DCA}
		{99C701C3-7593-411F-B657-9E60BA04961A} = {A661A5DB-1346-4CF5-A7CC-1C3741FD5DCA}
		{E2CD5A72-4F2E-4740-98FF-5FE75D4A257E} = {A661A5DB-1346-4CF5-A7CC-1C3741FD5DCA}
		{BD4BC2AD-441F-4C7F-AC29-A7ED89155807} = {AF6EA90D-5932-46BD-9AA7-15E485122792}
		{DC525E4B-B473-4836-9DD8-73CBCBF63AD0} = {BD4BC2AD-441F-4C7F-AC29-A7ED89155807}
		{0DC05D9B-99CC-425A-85C3-AAC9ED9ED60D} = {AF6EA90D-5932-46BD-9AA7-15E485122792}
		{541F5411-20FE-4AF6-91BB-D92FFE85665D} = {0DC05D9B-99CC-425A-85C3-AAC9ED9ED60D}
	EndGlobalSection
	GlobalSection(ExtensibilityGlobals) = postSolution
		SolutionGuid = {6F3ADF19-E247-4D2F-B311-85CA2629334D}
	EndGlobalSection
EndGlobal
