
Microsoft Visual Studio Solution File, Format Version 12.00
# Visual Studio Version 17
VisualStudioVersion = 17.0.32014.148
MinimumVisualStudioVersion = 15.0.26124.0
Project("{2150E333-8FDC-42A3-9474-1A3956D46DE8}") = "src", "src", "{AF6EA90D-5932-46BD-9AA7-15E485122792}"
EndProject
Project("{2150E333-8FDC-42A3-9474-1A3956D46DE8}") = "Solution Items", "Solution Items", "{912C6A8E-9F11-4790-B9CE-01FD83CB8D87}"
	ProjectSection(SolutionItems) = preProject
		documentation\model.plantuml = documentation\model.plantuml
	EndProjectSection
EndProject
Project("{2150E333-8FDC-42A3-9474-1A3956D46DE8}") = "BuildingBlocks", "BuildingBlocks", "{E8250C1F-3938-4A88-B390-CA6736E5F936}"
EndProject
Project("{2150E333-8FDC-42A3-9474-1A3956D46DE8}") = "EventSourcing", "EventSourcing", "{D46A7A86-E089-403C-86DF-2CFBB5BC7C1E}"
EndProject
Project("{9A19103F-16F7-4668-BE54-9A1E7A4F7556}") = "EventSourcing", "src\BuildingBlocks\EventSourcing\EventSourcing\EventSourcing.csproj", "{B9370ED4-5CCD-451C-B341-ABAAE7322E9A}"
EndProject
Project("{2150E333-8FDC-42A3-9474-1A3956D46DE8}") = "Validation", "Validation", "{CD5E3C4E-66C8-46DB-A5CE-8D8747B43745}"
EndProject
Project("{2150E333-8FDC-42A3-9474-1A3956D46DE8}") = "Templating", "Templating", "{A2DB8DBA-A4F0-4C0C-8521-5396B9C21A44}"
EndProject
Project("{9A19103F-16F7-4668-BE54-9A1E7A4F7556}") = "Templating", "src\BuildingBlocks\Templating\Templating\Templating.csproj", "{90E22D71-4842-4549-B6E1-2F7A1D4C3C3F}"
EndProject
Project("{9A19103F-16F7-4668-BE54-9A1E7A4F7556}") = "Validation", "src\BuildingBlocks\Validation\Validation\Validation.csproj", "{ACD8418D-007D-4CAA-A71E-DA39D6C2F053}"
EndProject
Project("{2150E333-8FDC-42A3-9474-1A3956D46DE8}") = "Security", "Security", "{6BE34951-DD85-417D-8FEE-F69921414FE0}"
EndProject
Project("{9A19103F-16F7-4668-BE54-9A1E7A4F7556}") = "Security", "src\BuildingBlocks\Security\Security\Security.csproj", "{FE3A5415-B2BF-4A44-BCD9-BBB9B2FFA715}"
EndProject
Project("{2150E333-8FDC-42A3-9474-1A3956D46DE8}") = "Payments", "Payments", "{0AD27FF2-5687-4E47-AEE4-C9CCFDA46321}"
EndProject
Project("{9A19103F-16F7-4668-BE54-9A1E7A4F7556}") = "Payments", "src\BuildingBlocks\Payments\Payments\Payments.csproj", "{B0305779-EF0C-488C-8742-E54D992EF3F5}"
EndProject
Project("{2150E333-8FDC-42A3-9474-1A3956D46DE8}") = "Messaging", "Messaging", "{48C5F52B-2D22-4DF8-8D12-4BA33BB4FD4F}"
EndProject
Project("{9A19103F-16F7-4668-BE54-9A1E7A4F7556}") = "Messaging", "src\BuildingBlocks\Messaging\Messaging\Messaging.csproj", "{C6013CAD-EBA4-41E5-AA6F-2E48314073AC}"
EndProject
Project("{2150E333-8FDC-42A3-9474-1A3956D46DE8}") = "Services", "Services", "{21660304-2B32-4952-BA80-1AADCB259B75}"
EndProject
Project("{2150E333-8FDC-42A3-9474-1A3956D46DE8}") = "ApiGateways", "ApiGateways", "{BD4BC2AD-441F-4C7F-AC29-A7ED89155807}"
EndProject
Project("{9A19103F-16F7-4668-BE54-9A1E7A4F7556}") = "Web.Bff", "src\ApiGateways\Web.Bff\Web.Bff.csproj", "{DC525E4B-B473-4836-9DD8-73CBCBF63AD0}"
EndProject
Project("{2150E333-8FDC-42A3-9474-1A3956D46DE8}") = "Apps", "Apps", "{0DC05D9B-99CC-425A-85C3-AAC9ED9ED60D}"
EndProject
Project("{9A19103F-16F7-4668-BE54-9A1E7A4F7556}") = "Messaging.Udp", "src\BuildingBlocks\Messaging\Messaging.Udp\Messaging.Udp.csproj", "{6A637665-DC62-4DFA-8EB9-97781944D79B}"
EndProject
Project("{2150E333-8FDC-42A3-9474-1A3956D46DE8}") = "IdentityService", "IdentityService", "{90835BE1-0FB4-4425-9743-59AE0A7FC92F}"
EndProject
Project("{9A19103F-16F7-4668-BE54-9A1E7A4F7556}") = "IdentityService.Core", "src\Services\IdentityService\IdentityService.Core\IdentityService.Core.csproj", "{63CBD848-6586-44DE-A391-138E9CA785FA}"
EndProject
Project("{9A19103F-16F7-4668-BE54-9A1E7A4F7556}") = "IdentityService.Infrastructure", "src\Services\IdentityService\IdentityService.Infrastructure\IdentityService.Infrastructure.csproj", "{F3331CFD-3078-4706-B4F6-2600946A85CE}"
EndProject
Project("{9A19103F-16F7-4668-BE54-9A1E7A4F7556}") = "IdentityService.Api", "src\Services\IdentityService\IdentityService.Api\IdentityService.Api.csproj", "{08ECB453-6303-4373-9CAD-4CAB86906DB7}"
EndProject
Project("{2150E333-8FDC-42A3-9474-1A3956D46DE8}") = "OrderService", "OrderService", "{746D5828-24A8-4C53-97BA-025CAF1C3C39}"
EndProject
Project("{9A19103F-16F7-4668-BE54-9A1E7A4F7556}") = "OrderService.Core", "src\Services\OrderService\OrderService.Core\OrderService.Core.csproj", "{3A073914-AA59-457F-B597-2AE239C3073D}"
EndProject
Project("{9A19103F-16F7-4668-BE54-9A1E7A4F7556}") = "OrderService.Infrastructure", "src\Services\OrderService\OrderService.Infrastructure\OrderService.Infrastructure.csproj", "{0706943F-92DB-46DC-AB6F-EE453F97C411}"
EndProject
Project("{9A19103F-16F7-4668-BE54-9A1E7A4F7556}") = "OrderService.Api", "src\Services\OrderService\OrderService.Api\OrderService.Api.csproj", "{CCCF2322-6F8F-4528-811E-60429417B0CE}"
EndProject
Project("{2150E333-8FDC-42A3-9474-1A3956D46DE8}") = "ThemeService", "ThemeService", "{06A4E620-9243-40AB-8B47-2F21500730D9}"
EndProject
Project("{9A19103F-16F7-4668-BE54-9A1E7A4F7556}") = "ThemeService.Core", "src\Services\ThemeService\ThemeService.Core\ThemeService.Core.csproj", "{47EEFBDC-C701-46A9-B43B-1043C859645A}"
EndProject
Project("{9A19103F-16F7-4668-BE54-9A1E7A4F7556}") = "ThemeService.Infrastructure", "src\Services\ThemeService\ThemeService.Infrastructure\ThemeService.Infrastructure.csproj", "{C3613D82-4501-43F2-BA29-BC31F07AAC1E}"
EndProject
Project("{9A19103F-16F7-4668-BE54-9A1E7A4F7556}") = "ThemeService.Api", "src\Services\ThemeService\ThemeService.Api\ThemeService.Api.csproj", "{6AA5808C-FEF0-4A1D-BB49-F01F68091727}"
EndProject
Project("{2150E333-8FDC-42A3-9474-1A3956D46DE8}") = "CatalogService", "CatalogService", "{0BAD8C48-98A2-4DF8-95EB-78B8B7AA0D97}"
EndProject
Project("{9A19103F-16F7-4668-BE54-9A1E7A4F7556}") = "CatalogService.Core", "src\Services\CatalogService\CatalogService.Core\CatalogService.Core.csproj", "{D1135A38-29D8-45EB-A1DA-0E187B332F82}"
EndProject
Project("{9A19103F-16F7-4668-BE54-9A1E7A4F7556}") = "CatalogService.Infrastructure", "src\Services\CatalogService\CatalogService.Infrastructure\CatalogService.Infrastructure.csproj", "{4D7B8FF7-6872-4180-8EB5-0C8D52EBA399}"
EndProject
Project("{9A19103F-16F7-4668-BE54-9A1E7A4F7556}") = "CatalogService.Api", "src\Services\CatalogService\CatalogService.Api\CatalogService.Api.csproj", "{49B0F1FE-CA2F-4FEA-8E6B-0AE10646E76D}"
EndProject
Project("{2150E333-8FDC-42A3-9474-1A3956D46DE8}") = "InventoryService", "InventoryService", "{B28AA2A1-6347-4BC8-A6A6-DBA8AC479384}"
EndProject
Project("{9A19103F-16F7-4668-BE54-9A1E7A4F7556}") = "InventoryService.Core", "src\Services\InventoryService\InventoryService.Core\InventoryService.Core.csproj", "{2CD4EC85-999E-4476-B822-3223BD9704EE}"
EndProject
Project("{9A19103F-16F7-4668-BE54-9A1E7A4F7556}") = "InventoryService.Infrastructure", "src\Services\InventoryService\InventoryService.Infrastructure\InventoryService.Infrastructure.csproj", "{70F496F3-A34F-46C8-8D20-8DD732089BA3}"
EndProject
Project("{9A19103F-16F7-4668-BE54-9A1E7A4F7556}") = "InventoryService.Api", "src\Services\InventoryService\InventoryService.Api\InventoryService.Api.csproj", "{E0D993B2-95EA-4BC1-95C2-D0EC0797B7C2}"
EndProject
Project("{2150E333-8FDC-42A3-9474-1A3956D46DE8}") = "DashboardService", "DashboardService", "{0B1DD857-D244-4084-8585-B6DD76D2C9B9}"
EndProject
Project("{9A19103F-16F7-4668-BE54-9A1E7A4F7556}") = "DashboardService.Core", "src\Services\DashboardService\DashboardService.Core\DashboardService.Core.csproj", "{41AE2DB4-4C8B-4FA5-968D-DE3F4B7F62F3}"
EndProject
Project("{9A19103F-16F7-4668-BE54-9A1E7A4F7556}") = "DashboardService.Infrastructure", "src\Services\DashboardService\DashboardService.Infrastructure\DashboardService.Infrastructure.csproj", "{320BBC66-053B-451C-8A8D-72701C8BDE6C}"
EndProject
Project("{9A19103F-16F7-4668-BE54-9A1E7A4F7556}") = "DashboardService.Api", "src\Services\DashboardService\DashboardService.Api\DashboardService.Api.csproj", "{4D977994-935B-4633-8983-FD8AB19DD245}"
EndProject
Project("{2150E333-8FDC-42A3-9474-1A3956D46DE8}") = "CustomerService", "CustomerService", "{E15723AD-A383-477F-ABA9-56412E72598F}"
EndProject
Project("{9A19103F-16F7-4668-BE54-9A1E7A4F7556}") = "CustomerService.Core", "src\Services\CustomerService\CustomerService.Core\CustomerService.Core.csproj", "{51296F98-1EE1-42CE-B922-1B06AA00DEBD}"
EndProject
Project("{9A19103F-16F7-4668-BE54-9A1E7A4F7556}") = "CustomerService.Infrastructure", "src\Services\CustomerService\CustomerService.Infrastructure\CustomerService.Infrastructure.csproj", "{FBAACC16-0922-47FF-8301-18036530AFAA}"
EndProject
Project("{9A19103F-16F7-4668-BE54-9A1E7A4F7556}") = "CustomerService.Api", "src\Services\CustomerService\CustomerService.Api\CustomerService.Api.csproj", "{B08D4665-D3FC-4E00-BF96-9A71A1A47F0E}"
EndProject
Project("{2150E333-8FDC-42A3-9474-1A3956D46DE8}") = "PaymentService", "PaymentService", "{792B70B1-F71F-4F23-808A-A166611E4AA8}"
EndProject
Project("{9A19103F-16F7-4668-BE54-9A1E7A4F7556}") = "PaymentService.Core", "src\Services\PaymentService\PaymentService.Core\PaymentService.Core.csproj", "{C20BFDB9-E26A-4656-A4A7-7344ACCD7764}"
EndProject
Project("{9A19103F-16F7-4668-BE54-9A1E7A4F7556}") = "PaymentService.Infrastructure", "src\Services\PaymentService\PaymentService.Infrastructure\PaymentService.Infrastructure.csproj", "{2FDD0BC6-2CE7-457D-99DE-AB691D00D5E1}"
EndProject
Project("{9A19103F-16F7-4668-BE54-9A1E7A4F7556}") = "PaymentService.Api", "src\Services\PaymentService\PaymentService.Api\PaymentService.Api.csproj", "{FC3FE907-A6C5-4E2D-A11C-79F9987BF6DD}"
EndProject
Project("{2150E333-8FDC-42A3-9474-1A3956D46DE8}") = "BasketService", "BasketService", "{1A090FF1-5145-4F2F-BFF8-BF20E7025172}"
EndProject
Project("{9A19103F-16F7-4668-BE54-9A1E7A4F7556}") = "BasketService.Core", "src\Services\BasketService\BasketService.Core\BasketService.Core.csproj", "{FB7F5A9F-356F-4C2D-9696-3925EA95A9F6}"
EndProject
Project("{9A19103F-16F7-4668-BE54-9A1E7A4F7556}") = "BasketService.Infrastructure", "src\Services\BasketService\BasketService.Infrastructure\BasketService.Infrastructure.csproj", "{769EAC4B-577B-4432-948A-84AB6675EBEF}"
EndProject
Project("{9A19103F-16F7-4668-BE54-9A1E7A4F7556}") = "BasketService.Api", "src\Services\BasketService\BasketService.Api\BasketService.Api.csproj", "{3A53B572-A1D9-47E5-8C0B-4E81ABF69EEA}"
EndProject
Project("{2150E333-8FDC-42A3-9474-1A3956D46DE8}") = "OtpService", "OtpService", "{10451DC4-92BC-48A0-A729-529C7CB1AE4E}"
EndProject
Project("{9A19103F-16F7-4668-BE54-9A1E7A4F7556}") = "OtpService.Core", "src\Services\OtpService\OtpService.Core\OtpService.Core.csproj", "{9AC4963A-C2EC-4B60-B638-75DAF3BA6B20}"
EndProject
Project("{9A19103F-16F7-4668-BE54-9A1E7A4F7556}") = "OtpService.Infrastructure", "src\Services\OtpService\OtpService.Infrastructure\OtpService.Infrastructure.csproj", "{A45A8955-5B66-4580-A394-40B4F08C85B1}"
EndProject
Project("{9A19103F-16F7-4668-BE54-9A1E7A4F7556}") = "OtpService.Api", "src\Services\OtpService\OtpService.Api\OtpService.Api.csproj", "{651C79BA-2F96-4092-9AD6-E96D5214872B}"
EndProject
Project("{2150E333-8FDC-42A3-9474-1A3956D46DE8}") = "ContentService", "ContentService", "{7E840EC0-ECD4-42E1-A428-992D71673108}"
EndProject
Project("{9A19103F-16F7-4668-BE54-9A1E7A4F7556}") = "ContentService.Api", "src\Services\ContentService\ContentService.Api\ContentService.Api.csproj", "{58AFD987-287A-43D0-AD2B-652B8B900EF8}"
EndProject
Project("{9A19103F-16F7-4668-BE54-9A1E7A4F7556}") = "ContentService.Core", "src\Services\ContentService\ContentService.Core\ContentService.Core.csproj", "{BE91ED09-CB7C-415D-8AA3-D751AA40DC1C}"
EndProject
Project("{9A19103F-16F7-4668-BE54-9A1E7A4F7556}") = "ContentService.Infrastructure", "src\Services\ContentService\ContentService.Infrastructure\ContentService.Infrastructure.csproj", "{D083BD6E-D8BD-4E67-AD6F-5F4C0C0DD7E5}"
EndProject
Project("{2150E333-8FDC-42A3-9474-1A3956D46DE8}") = "DigitalAssetService", "DigitalAssetService", "{51AEA05C-FEBF-40D1-A2B7-8A6AF2FC38FA}"
EndProject
Project("{9A19103F-16F7-4668-BE54-9A1E7A4F7556}") = "DigitalAssetService.Core", "src\Services\DigitalAssetService\DigitalAssetService.Core\DigitalAssetService.Core.csproj", "{1582D31B-513D-4BD5-BA30-A45E8BD23E54}"
EndProject
Project("{9A19103F-16F7-4668-BE54-9A1E7A4F7556}") = "DigitalAssetService.Infrastructure", "src\Services\DigitalAssetService\DigitalAssetService.Infrastructure\DigitalAssetService.Infrastructure.csproj", "{BD31053D-97E0-4ADA-ACE4-9467288CEB9F}"
EndProject
Project("{9A19103F-16F7-4668-BE54-9A1E7A4F7556}") = "DigitalAssetService.Api", "src\Services\DigitalAssetService\DigitalAssetService.Api\DigitalAssetService.Api.csproj", "{084C8BA4-1C03-4501-B93C-A79828A409CA}"
EndProject
Project("{9A19103F-16F7-4668-BE54-9A1E7A4F7556}") = "Kernel", "src\BuildingBlocks\Kernel\Kernel.csproj", "{D203D7D7-E4C9-4311-8A78-76C431562DF4}"
EndProject
Project("{2150E333-8FDC-42A3-9474-1A3956D46DE8}") = "Telemetry", "Telemetry", "{72939C16-E3B1-42C8-86DE-D0F746A02EB1}"
EndProject
Project("{9A19103F-16F7-4668-BE54-9A1E7A4F7556}") = "Telemetry", "src\BuildingBlocks\Telemetry\Telemetry\Telemetry.csproj", "{95A698E8-3D24-403C-B264-777FB0BD9D12}"
EndProject
Project("{2150E333-8FDC-42A3-9474-1A3956D46DE8}") = "TelemetryService", "TelemetryService", "{D34CB223-F4F0-4B3B-BA83-E166D0452916}"
EndProject
Project("{9A19103F-16F7-4668-BE54-9A1E7A4F7556}") = "TelemetryService.Api", "src\Services\TelemetryService\TelemetryService.Api\TelemetryService.Api.csproj", "{199CB67C-0005-401E-B345-1DAA48B34C24}"
EndProject
Project("{9A19103F-16F7-4668-BE54-9A1E7A4F7556}") = "WebSpa", "src\Apps\WebSpa\WebSpa.csproj", "{74307BF0-1B12-4ECE-8BBE-9744B6AB4E55}"
EndProject
Global
	GlobalSection(SolutionConfigurationPlatforms) = preSolution
		Debug|Any CPU = Debug|Any CPU
		Debug|x64 = Debug|x64
		Debug|x86 = Debug|x86
		Release|Any CPU = Release|Any CPU
		Release|x64 = Release|x64
		Release|x86 = Release|x86
	EndGlobalSection
	GlobalSection(ProjectConfigurationPlatforms) = postSolution
		{B9370ED4-5CCD-451C-B341-ABAAE7322E9A}.Debug|Any CPU.ActiveCfg = Debug|Any CPU
		{B9370ED4-5CCD-451C-B341-ABAAE7322E9A}.Debug|Any CPU.Build.0 = Debug|Any CPU
		{B9370ED4-5CCD-451C-B341-ABAAE7322E9A}.Debug|x64.ActiveCfg = Debug|Any CPU
		{B9370ED4-5CCD-451C-B341-ABAAE7322E9A}.Debug|x64.Build.0 = Debug|Any CPU
		{B9370ED4-5CCD-451C-B341-ABAAE7322E9A}.Debug|x86.ActiveCfg = Debug|Any CPU
		{B9370ED4-5CCD-451C-B341-ABAAE7322E9A}.Debug|x86.Build.0 = Debug|Any CPU
		{B9370ED4-5CCD-451C-B341-ABAAE7322E9A}.Release|Any CPU.ActiveCfg = Release|Any CPU
		{B9370ED4-5CCD-451C-B341-ABAAE7322E9A}.Release|Any CPU.Build.0 = Release|Any CPU
		{B9370ED4-5CCD-451C-B341-ABAAE7322E9A}.Release|x64.ActiveCfg = Release|Any CPU
		{B9370ED4-5CCD-451C-B341-ABAAE7322E9A}.Release|x64.Build.0 = Release|Any CPU
		{B9370ED4-5CCD-451C-B341-ABAAE7322E9A}.Release|x86.ActiveCfg = Release|Any CPU
		{B9370ED4-5CCD-451C-B341-ABAAE7322E9A}.Release|x86.Build.0 = Release|Any CPU
		{90E22D71-4842-4549-B6E1-2F7A1D4C3C3F}.Debug|Any CPU.ActiveCfg = Debug|Any CPU
		{90E22D71-4842-4549-B6E1-2F7A1D4C3C3F}.Debug|Any CPU.Build.0 = Debug|Any CPU
		{90E22D71-4842-4549-B6E1-2F7A1D4C3C3F}.Debug|x64.ActiveCfg = Debug|Any CPU
		{90E22D71-4842-4549-B6E1-2F7A1D4C3C3F}.Debug|x64.Build.0 = Debug|Any CPU
		{90E22D71-4842-4549-B6E1-2F7A1D4C3C3F}.Debug|x86.ActiveCfg = Debug|Any CPU
		{90E22D71-4842-4549-B6E1-2F7A1D4C3C3F}.Debug|x86.Build.0 = Debug|Any CPU
		{90E22D71-4842-4549-B6E1-2F7A1D4C3C3F}.Release|Any CPU.ActiveCfg = Release|Any CPU
		{90E22D71-4842-4549-B6E1-2F7A1D4C3C3F}.Release|Any CPU.Build.0 = Release|Any CPU
		{90E22D71-4842-4549-B6E1-2F7A1D4C3C3F}.Release|x64.ActiveCfg = Release|Any CPU
		{90E22D71-4842-4549-B6E1-2F7A1D4C3C3F}.Release|x64.Build.0 = Release|Any CPU
		{90E22D71-4842-4549-B6E1-2F7A1D4C3C3F}.Release|x86.ActiveCfg = Release|Any CPU
		{90E22D71-4842-4549-B6E1-2F7A1D4C3C3F}.Release|x86.Build.0 = Release|Any CPU
		{ACD8418D-007D-4CAA-A71E-DA39D6C2F053}.Debug|Any CPU.ActiveCfg = Debug|Any CPU
		{ACD8418D-007D-4CAA-A71E-DA39D6C2F053}.Debug|Any CPU.Build.0 = Debug|Any CPU
		{ACD8418D-007D-4CAA-A71E-DA39D6C2F053}.Debug|x64.ActiveCfg = Debug|Any CPU
		{ACD8418D-007D-4CAA-A71E-DA39D6C2F053}.Debug|x64.Build.0 = Debug|Any CPU
		{ACD8418D-007D-4CAA-A71E-DA39D6C2F053}.Debug|x86.ActiveCfg = Debug|Any CPU
		{ACD8418D-007D-4CAA-A71E-DA39D6C2F053}.Debug|x86.Build.0 = Debug|Any CPU
		{ACD8418D-007D-4CAA-A71E-DA39D6C2F053}.Release|Any CPU.ActiveCfg = Release|Any CPU
		{ACD8418D-007D-4CAA-A71E-DA39D6C2F053}.Release|Any CPU.Build.0 = Release|Any CPU
		{ACD8418D-007D-4CAA-A71E-DA39D6C2F053}.Release|x64.ActiveCfg = Release|Any CPU
		{ACD8418D-007D-4CAA-A71E-DA39D6C2F053}.Release|x64.Build.0 = Release|Any CPU
		{ACD8418D-007D-4CAA-A71E-DA39D6C2F053}.Release|x86.ActiveCfg = Release|Any CPU
		{ACD8418D-007D-4CAA-A71E-DA39D6C2F053}.Release|x86.Build.0 = Release|Any CPU
		{FE3A5415-B2BF-4A44-BCD9-BBB9B2FFA715}.Debug|Any CPU.ActiveCfg = Debug|Any CPU
		{FE3A5415-B2BF-4A44-BCD9-BBB9B2FFA715}.Debug|Any CPU.Build.0 = Debug|Any CPU
		{FE3A5415-B2BF-4A44-BCD9-BBB9B2FFA715}.Debug|x64.ActiveCfg = Debug|Any CPU
		{FE3A5415-B2BF-4A44-BCD9-BBB9B2FFA715}.Debug|x64.Build.0 = Debug|Any CPU
		{FE3A5415-B2BF-4A44-BCD9-BBB9B2FFA715}.Debug|x86.ActiveCfg = Debug|Any CPU
		{FE3A5415-B2BF-4A44-BCD9-BBB9B2FFA715}.Debug|x86.Build.0 = Debug|Any CPU
		{FE3A5415-B2BF-4A44-BCD9-BBB9B2FFA715}.Release|Any CPU.ActiveCfg = Release|Any CPU
		{FE3A5415-B2BF-4A44-BCD9-BBB9B2FFA715}.Release|Any CPU.Build.0 = Release|Any CPU
		{FE3A5415-B2BF-4A44-BCD9-BBB9B2FFA715}.Release|x64.ActiveCfg = Release|Any CPU
		{FE3A5415-B2BF-4A44-BCD9-BBB9B2FFA715}.Release|x64.Build.0 = Release|Any CPU
		{FE3A5415-B2BF-4A44-BCD9-BBB9B2FFA715}.Release|x86.ActiveCfg = Release|Any CPU
		{FE3A5415-B2BF-4A44-BCD9-BBB9B2FFA715}.Release|x86.Build.0 = Release|Any CPU
		{B0305779-EF0C-488C-8742-E54D992EF3F5}.Debug|Any CPU.ActiveCfg = Debug|Any CPU
		{B0305779-EF0C-488C-8742-E54D992EF3F5}.Debug|Any CPU.Build.0 = Debug|Any CPU
		{B0305779-EF0C-488C-8742-E54D992EF3F5}.Debug|x64.ActiveCfg = Debug|Any CPU
		{B0305779-EF0C-488C-8742-E54D992EF3F5}.Debug|x64.Build.0 = Debug|Any CPU
		{B0305779-EF0C-488C-8742-E54D992EF3F5}.Debug|x86.ActiveCfg = Debug|Any CPU
		{B0305779-EF0C-488C-8742-E54D992EF3F5}.Debug|x86.Build.0 = Debug|Any CPU
		{B0305779-EF0C-488C-8742-E54D992EF3F5}.Release|Any CPU.ActiveCfg = Release|Any CPU
		{B0305779-EF0C-488C-8742-E54D992EF3F5}.Release|Any CPU.Build.0 = Release|Any CPU
		{B0305779-EF0C-488C-8742-E54D992EF3F5}.Release|x64.ActiveCfg = Release|Any CPU
		{B0305779-EF0C-488C-8742-E54D992EF3F5}.Release|x64.Build.0 = Release|Any CPU
		{B0305779-EF0C-488C-8742-E54D992EF3F5}.Release|x86.ActiveCfg = Release|Any CPU
		{B0305779-EF0C-488C-8742-E54D992EF3F5}.Release|x86.Build.0 = Release|Any CPU
		{C6013CAD-EBA4-41E5-AA6F-2E48314073AC}.Debug|Any CPU.ActiveCfg = Debug|Any CPU
		{C6013CAD-EBA4-41E5-AA6F-2E48314073AC}.Debug|Any CPU.Build.0 = Debug|Any CPU
		{C6013CAD-EBA4-41E5-AA6F-2E48314073AC}.Debug|x64.ActiveCfg = Debug|Any CPU
		{C6013CAD-EBA4-41E5-AA6F-2E48314073AC}.Debug|x64.Build.0 = Debug|Any CPU
		{C6013CAD-EBA4-41E5-AA6F-2E48314073AC}.Debug|x86.ActiveCfg = Debug|Any CPU
		{C6013CAD-EBA4-41E5-AA6F-2E48314073AC}.Debug|x86.Build.0 = Debug|Any CPU
		{C6013CAD-EBA4-41E5-AA6F-2E48314073AC}.Release|Any CPU.ActiveCfg = Release|Any CPU
		{C6013CAD-EBA4-41E5-AA6F-2E48314073AC}.Release|Any CPU.Build.0 = Release|Any CPU
		{C6013CAD-EBA4-41E5-AA6F-2E48314073AC}.Release|x64.ActiveCfg = Release|Any CPU
		{C6013CAD-EBA4-41E5-AA6F-2E48314073AC}.Release|x64.Build.0 = Release|Any CPU
		{C6013CAD-EBA4-41E5-AA6F-2E48314073AC}.Release|x86.ActiveCfg = Release|Any CPU
		{C6013CAD-EBA4-41E5-AA6F-2E48314073AC}.Release|x86.Build.0 = Release|Any CPU
		{DC525E4B-B473-4836-9DD8-73CBCBF63AD0}.Debug|Any CPU.ActiveCfg = Debug|Any CPU
		{DC525E4B-B473-4836-9DD8-73CBCBF63AD0}.Debug|Any CPU.Build.0 = Debug|Any CPU
		{DC525E4B-B473-4836-9DD8-73CBCBF63AD0}.Debug|x64.ActiveCfg = Debug|Any CPU
		{DC525E4B-B473-4836-9DD8-73CBCBF63AD0}.Debug|x64.Build.0 = Debug|Any CPU
		{DC525E4B-B473-4836-9DD8-73CBCBF63AD0}.Debug|x86.ActiveCfg = Debug|Any CPU
		{DC525E4B-B473-4836-9DD8-73CBCBF63AD0}.Debug|x86.Build.0 = Debug|Any CPU
		{DC525E4B-B473-4836-9DD8-73CBCBF63AD0}.Release|Any CPU.ActiveCfg = Release|Any CPU
		{DC525E4B-B473-4836-9DD8-73CBCBF63AD0}.Release|Any CPU.Build.0 = Release|Any CPU
		{DC525E4B-B473-4836-9DD8-73CBCBF63AD0}.Release|x64.ActiveCfg = Release|Any CPU
		{DC525E4B-B473-4836-9DD8-73CBCBF63AD0}.Release|x64.Build.0 = Release|Any CPU
		{DC525E4B-B473-4836-9DD8-73CBCBF63AD0}.Release|x86.ActiveCfg = Release|Any CPU
		{DC525E4B-B473-4836-9DD8-73CBCBF63AD0}.Release|x86.Build.0 = Release|Any CPU
		{6A637665-DC62-4DFA-8EB9-97781944D79B}.Debug|Any CPU.ActiveCfg = Debug|Any CPU
		{6A637665-DC62-4DFA-8EB9-97781944D79B}.Debug|Any CPU.Build.0 = Debug|Any CPU
		{6A637665-DC62-4DFA-8EB9-97781944D79B}.Debug|x64.ActiveCfg = Debug|Any CPU
		{6A637665-DC62-4DFA-8EB9-97781944D79B}.Debug|x64.Build.0 = Debug|Any CPU
		{6A637665-DC62-4DFA-8EB9-97781944D79B}.Debug|x86.ActiveCfg = Debug|Any CPU
		{6A637665-DC62-4DFA-8EB9-97781944D79B}.Debug|x86.Build.0 = Debug|Any CPU
		{6A637665-DC62-4DFA-8EB9-97781944D79B}.Release|Any CPU.ActiveCfg = Release|Any CPU
		{6A637665-DC62-4DFA-8EB9-97781944D79B}.Release|Any CPU.Build.0 = Release|Any CPU
		{6A637665-DC62-4DFA-8EB9-97781944D79B}.Release|x64.ActiveCfg = Release|Any CPU
		{6A637665-DC62-4DFA-8EB9-97781944D79B}.Release|x64.Build.0 = Release|Any CPU
		{6A637665-DC62-4DFA-8EB9-97781944D79B}.Release|x86.ActiveCfg = Release|Any CPU
		{6A637665-DC62-4DFA-8EB9-97781944D79B}.Release|x86.Build.0 = Release|Any CPU
		{63CBD848-6586-44DE-A391-138E9CA785FA}.Debug|Any CPU.ActiveCfg = Debug|Any CPU
		{63CBD848-6586-44DE-A391-138E9CA785FA}.Debug|Any CPU.Build.0 = Debug|Any CPU
		{63CBD848-6586-44DE-A391-138E9CA785FA}.Debug|x64.ActiveCfg = Debug|Any CPU
		{63CBD848-6586-44DE-A391-138E9CA785FA}.Debug|x64.Build.0 = Debug|Any CPU
		{63CBD848-6586-44DE-A391-138E9CA785FA}.Debug|x86.ActiveCfg = Debug|Any CPU
		{63CBD848-6586-44DE-A391-138E9CA785FA}.Debug|x86.Build.0 = Debug|Any CPU
		{63CBD848-6586-44DE-A391-138E9CA785FA}.Release|Any CPU.ActiveCfg = Release|Any CPU
		{63CBD848-6586-44DE-A391-138E9CA785FA}.Release|Any CPU.Build.0 = Release|Any CPU
		{63CBD848-6586-44DE-A391-138E9CA785FA}.Release|x64.ActiveCfg = Release|Any CPU
		{63CBD848-6586-44DE-A391-138E9CA785FA}.Release|x64.Build.0 = Release|Any CPU
		{63CBD848-6586-44DE-A391-138E9CA785FA}.Release|x86.ActiveCfg = Release|Any CPU
		{63CBD848-6586-44DE-A391-138E9CA785FA}.Release|x86.Build.0 = Release|Any CPU
		{F3331CFD-3078-4706-B4F6-2600946A85CE}.Debug|Any CPU.ActiveCfg = Debug|Any CPU
		{F3331CFD-3078-4706-B4F6-2600946A85CE}.Debug|Any CPU.Build.0 = Debug|Any CPU
		{F3331CFD-3078-4706-B4F6-2600946A85CE}.Debug|x64.ActiveCfg = Debug|Any CPU
		{F3331CFD-3078-4706-B4F6-2600946A85CE}.Debug|x64.Build.0 = Debug|Any CPU
		{F3331CFD-3078-4706-B4F6-2600946A85CE}.Debug|x86.ActiveCfg = Debug|Any CPU
		{F3331CFD-3078-4706-B4F6-2600946A85CE}.Debug|x86.Build.0 = Debug|Any CPU
		{F3331CFD-3078-4706-B4F6-2600946A85CE}.Release|Any CPU.ActiveCfg = Release|Any CPU
		{F3331CFD-3078-4706-B4F6-2600946A85CE}.Release|Any CPU.Build.0 = Release|Any CPU
		{F3331CFD-3078-4706-B4F6-2600946A85CE}.Release|x64.ActiveCfg = Release|Any CPU
		{F3331CFD-3078-4706-B4F6-2600946A85CE}.Release|x64.Build.0 = Release|Any CPU
		{F3331CFD-3078-4706-B4F6-2600946A85CE}.Release|x86.ActiveCfg = Release|Any CPU
		{F3331CFD-3078-4706-B4F6-2600946A85CE}.Release|x86.Build.0 = Release|Any CPU
		{08ECB453-6303-4373-9CAD-4CAB86906DB7}.Debug|Any CPU.ActiveCfg = Debug|Any CPU
		{08ECB453-6303-4373-9CAD-4CAB86906DB7}.Debug|Any CPU.Build.0 = Debug|Any CPU
		{08ECB453-6303-4373-9CAD-4CAB86906DB7}.Debug|x64.ActiveCfg = Debug|Any CPU
		{08ECB453-6303-4373-9CAD-4CAB86906DB7}.Debug|x64.Build.0 = Debug|Any CPU
		{08ECB453-6303-4373-9CAD-4CAB86906DB7}.Debug|x86.ActiveCfg = Debug|Any CPU
		{08ECB453-6303-4373-9CAD-4CAB86906DB7}.Debug|x86.Build.0 = Debug|Any CPU
		{08ECB453-6303-4373-9CAD-4CAB86906DB7}.Release|Any CPU.ActiveCfg = Release|Any CPU
		{08ECB453-6303-4373-9CAD-4CAB86906DB7}.Release|Any CPU.Build.0 = Release|Any CPU
		{08ECB453-6303-4373-9CAD-4CAB86906DB7}.Release|x64.ActiveCfg = Release|Any CPU
		{08ECB453-6303-4373-9CAD-4CAB86906DB7}.Release|x64.Build.0 = Release|Any CPU
		{08ECB453-6303-4373-9CAD-4CAB86906DB7}.Release|x86.ActiveCfg = Release|Any CPU
		{08ECB453-6303-4373-9CAD-4CAB86906DB7}.Release|x86.Build.0 = Release|Any CPU
		{3A073914-AA59-457F-B597-2AE239C3073D}.Debug|Any CPU.ActiveCfg = Debug|Any CPU
		{3A073914-AA59-457F-B597-2AE239C3073D}.Debug|Any CPU.Build.0 = Debug|Any CPU
		{3A073914-AA59-457F-B597-2AE239C3073D}.Debug|x64.ActiveCfg = Debug|Any CPU
		{3A073914-AA59-457F-B597-2AE239C3073D}.Debug|x64.Build.0 = Debug|Any CPU
		{3A073914-AA59-457F-B597-2AE239C3073D}.Debug|x86.ActiveCfg = Debug|Any CPU
		{3A073914-AA59-457F-B597-2AE239C3073D}.Debug|x86.Build.0 = Debug|Any CPU
		{3A073914-AA59-457F-B597-2AE239C3073D}.Release|Any CPU.ActiveCfg = Release|Any CPU
		{3A073914-AA59-457F-B597-2AE239C3073D}.Release|Any CPU.Build.0 = Release|Any CPU
		{3A073914-AA59-457F-B597-2AE239C3073D}.Release|x64.ActiveCfg = Release|Any CPU
		{3A073914-AA59-457F-B597-2AE239C3073D}.Release|x64.Build.0 = Release|Any CPU
		{3A073914-AA59-457F-B597-2AE239C3073D}.Release|x86.ActiveCfg = Release|Any CPU
		{3A073914-AA59-457F-B597-2AE239C3073D}.Release|x86.Build.0 = Release|Any CPU
		{0706943F-92DB-46DC-AB6F-EE453F97C411}.Debug|Any CPU.ActiveCfg = Debug|Any CPU
		{0706943F-92DB-46DC-AB6F-EE453F97C411}.Debug|Any CPU.Build.0 = Debug|Any CPU
		{0706943F-92DB-46DC-AB6F-EE453F97C411}.Debug|x64.ActiveCfg = Debug|Any CPU
		{0706943F-92DB-46DC-AB6F-EE453F97C411}.Debug|x64.Build.0 = Debug|Any CPU
		{0706943F-92DB-46DC-AB6F-EE453F97C411}.Debug|x86.ActiveCfg = Debug|Any CPU
		{0706943F-92DB-46DC-AB6F-EE453F97C411}.Debug|x86.Build.0 = Debug|Any CPU
		{0706943F-92DB-46DC-AB6F-EE453F97C411}.Release|Any CPU.ActiveCfg = Release|Any CPU
		{0706943F-92DB-46DC-AB6F-EE453F97C411}.Release|Any CPU.Build.0 = Release|Any CPU
		{0706943F-92DB-46DC-AB6F-EE453F97C411}.Release|x64.ActiveCfg = Release|Any CPU
		{0706943F-92DB-46DC-AB6F-EE453F97C411}.Release|x64.Build.0 = Release|Any CPU
		{0706943F-92DB-46DC-AB6F-EE453F97C411}.Release|x86.ActiveCfg = Release|Any CPU
		{0706943F-92DB-46DC-AB6F-EE453F97C411}.Release|x86.Build.0 = Release|Any CPU
		{CCCF2322-6F8F-4528-811E-60429417B0CE}.Debug|Any CPU.ActiveCfg = Debug|Any CPU
		{CCCF2322-6F8F-4528-811E-60429417B0CE}.Debug|Any CPU.Build.0 = Debug|Any CPU
		{CCCF2322-6F8F-4528-811E-60429417B0CE}.Debug|x64.ActiveCfg = Debug|Any CPU
		{CCCF2322-6F8F-4528-811E-60429417B0CE}.Debug|x64.Build.0 = Debug|Any CPU
		{CCCF2322-6F8F-4528-811E-60429417B0CE}.Debug|x86.ActiveCfg = Debug|Any CPU
		{CCCF2322-6F8F-4528-811E-60429417B0CE}.Debug|x86.Build.0 = Debug|Any CPU
		{CCCF2322-6F8F-4528-811E-60429417B0CE}.Release|Any CPU.ActiveCfg = Release|Any CPU
		{CCCF2322-6F8F-4528-811E-60429417B0CE}.Release|Any CPU.Build.0 = Release|Any CPU
		{CCCF2322-6F8F-4528-811E-60429417B0CE}.Release|x64.ActiveCfg = Release|Any CPU
		{CCCF2322-6F8F-4528-811E-60429417B0CE}.Release|x64.Build.0 = Release|Any CPU
		{CCCF2322-6F8F-4528-811E-60429417B0CE}.Release|x86.ActiveCfg = Release|Any CPU
		{CCCF2322-6F8F-4528-811E-60429417B0CE}.Release|x86.Build.0 = Release|Any CPU
		{47EEFBDC-C701-46A9-B43B-1043C859645A}.Debug|Any CPU.ActiveCfg = Debug|Any CPU
		{47EEFBDC-C701-46A9-B43B-1043C859645A}.Debug|Any CPU.Build.0 = Debug|Any CPU
		{47EEFBDC-C701-46A9-B43B-1043C859645A}.Debug|x64.ActiveCfg = Debug|Any CPU
		{47EEFBDC-C701-46A9-B43B-1043C859645A}.Debug|x64.Build.0 = Debug|Any CPU
		{47EEFBDC-C701-46A9-B43B-1043C859645A}.Debug|x86.ActiveCfg = Debug|Any CPU
		{47EEFBDC-C701-46A9-B43B-1043C859645A}.Debug|x86.Build.0 = Debug|Any CPU
		{47EEFBDC-C701-46A9-B43B-1043C859645A}.Release|Any CPU.ActiveCfg = Release|Any CPU
		{47EEFBDC-C701-46A9-B43B-1043C859645A}.Release|Any CPU.Build.0 = Release|Any CPU
		{47EEFBDC-C701-46A9-B43B-1043C859645A}.Release|x64.ActiveCfg = Release|Any CPU
		{47EEFBDC-C701-46A9-B43B-1043C859645A}.Release|x64.Build.0 = Release|Any CPU
		{47EEFBDC-C701-46A9-B43B-1043C859645A}.Release|x86.ActiveCfg = Release|Any CPU
		{47EEFBDC-C701-46A9-B43B-1043C859645A}.Release|x86.Build.0 = Release|Any CPU
		{C3613D82-4501-43F2-BA29-BC31F07AAC1E}.Debug|Any CPU.ActiveCfg = Debug|Any CPU
		{C3613D82-4501-43F2-BA29-BC31F07AAC1E}.Debug|Any CPU.Build.0 = Debug|Any CPU
		{C3613D82-4501-43F2-BA29-BC31F07AAC1E}.Debug|x64.ActiveCfg = Debug|Any CPU
		{C3613D82-4501-43F2-BA29-BC31F07AAC1E}.Debug|x64.Build.0 = Debug|Any CPU
		{C3613D82-4501-43F2-BA29-BC31F07AAC1E}.Debug|x86.ActiveCfg = Debug|Any CPU
		{C3613D82-4501-43F2-BA29-BC31F07AAC1E}.Debug|x86.Build.0 = Debug|Any CPU
		{C3613D82-4501-43F2-BA29-BC31F07AAC1E}.Release|Any CPU.ActiveCfg = Release|Any CPU
		{C3613D82-4501-43F2-BA29-BC31F07AAC1E}.Release|Any CPU.Build.0 = Release|Any CPU
		{C3613D82-4501-43F2-BA29-BC31F07AAC1E}.Release|x64.ActiveCfg = Release|Any CPU
		{C3613D82-4501-43F2-BA29-BC31F07AAC1E}.Release|x64.Build.0 = Release|Any CPU
		{C3613D82-4501-43F2-BA29-BC31F07AAC1E}.Release|x86.ActiveCfg = Release|Any CPU
		{C3613D82-4501-43F2-BA29-BC31F07AAC1E}.Release|x86.Build.0 = Release|Any CPU
		{6AA5808C-FEF0-4A1D-BB49-F01F68091727}.Debug|Any CPU.ActiveCfg = Debug|Any CPU
		{6AA5808C-FEF0-4A1D-BB49-F01F68091727}.Debug|Any CPU.Build.0 = Debug|Any CPU
		{6AA5808C-FEF0-4A1D-BB49-F01F68091727}.Debug|x64.ActiveCfg = Debug|Any CPU
		{6AA5808C-FEF0-4A1D-BB49-F01F68091727}.Debug|x64.Build.0 = Debug|Any CPU
		{6AA5808C-FEF0-4A1D-BB49-F01F68091727}.Debug|x86.ActiveCfg = Debug|Any CPU
		{6AA5808C-FEF0-4A1D-BB49-F01F68091727}.Debug|x86.Build.0 = Debug|Any CPU
		{6AA5808C-FEF0-4A1D-BB49-F01F68091727}.Release|Any CPU.ActiveCfg = Release|Any CPU
		{6AA5808C-FEF0-4A1D-BB49-F01F68091727}.Release|Any CPU.Build.0 = Release|Any CPU
		{6AA5808C-FEF0-4A1D-BB49-F01F68091727}.Release|x64.ActiveCfg = Release|Any CPU
		{6AA5808C-FEF0-4A1D-BB49-F01F68091727}.Release|x64.Build.0 = Release|Any CPU
		{6AA5808C-FEF0-4A1D-BB49-F01F68091727}.Release|x86.ActiveCfg = Release|Any CPU
		{6AA5808C-FEF0-4A1D-BB49-F01F68091727}.Release|x86.Build.0 = Release|Any CPU
		{D1135A38-29D8-45EB-A1DA-0E187B332F82}.Debug|Any CPU.ActiveCfg = Debug|Any CPU
		{D1135A38-29D8-45EB-A1DA-0E187B332F82}.Debug|Any CPU.Build.0 = Debug|Any CPU
		{D1135A38-29D8-45EB-A1DA-0E187B332F82}.Debug|x64.ActiveCfg = Debug|Any CPU
		{D1135A38-29D8-45EB-A1DA-0E187B332F82}.Debug|x64.Build.0 = Debug|Any CPU
		{D1135A38-29D8-45EB-A1DA-0E187B332F82}.Debug|x86.ActiveCfg = Debug|Any CPU
		{D1135A38-29D8-45EB-A1DA-0E187B332F82}.Debug|x86.Build.0 = Debug|Any CPU
		{D1135A38-29D8-45EB-A1DA-0E187B332F82}.Release|Any CPU.ActiveCfg = Release|Any CPU
		{D1135A38-29D8-45EB-A1DA-0E187B332F82}.Release|Any CPU.Build.0 = Release|Any CPU
		{D1135A38-29D8-45EB-A1DA-0E187B332F82}.Release|x64.ActiveCfg = Release|Any CPU
		{D1135A38-29D8-45EB-A1DA-0E187B332F82}.Release|x64.Build.0 = Release|Any CPU
		{D1135A38-29D8-45EB-A1DA-0E187B332F82}.Release|x86.ActiveCfg = Release|Any CPU
		{D1135A38-29D8-45EB-A1DA-0E187B332F82}.Release|x86.Build.0 = Release|Any CPU
		{4D7B8FF7-6872-4180-8EB5-0C8D52EBA399}.Debug|Any CPU.ActiveCfg = Debug|Any CPU
		{4D7B8FF7-6872-4180-8EB5-0C8D52EBA399}.Debug|Any CPU.Build.0 = Debug|Any CPU
		{4D7B8FF7-6872-4180-8EB5-0C8D52EBA399}.Debug|x64.ActiveCfg = Debug|Any CPU
		{4D7B8FF7-6872-4180-8EB5-0C8D52EBA399}.Debug|x64.Build.0 = Debug|Any CPU
		{4D7B8FF7-6872-4180-8EB5-0C8D52EBA399}.Debug|x86.ActiveCfg = Debug|Any CPU
		{4D7B8FF7-6872-4180-8EB5-0C8D52EBA399}.Debug|x86.Build.0 = Debug|Any CPU
		{4D7B8FF7-6872-4180-8EB5-0C8D52EBA399}.Release|Any CPU.ActiveCfg = Release|Any CPU
		{4D7B8FF7-6872-4180-8EB5-0C8D52EBA399}.Release|Any CPU.Build.0 = Release|Any CPU
		{4D7B8FF7-6872-4180-8EB5-0C8D52EBA399}.Release|x64.ActiveCfg = Release|Any CPU
		{4D7B8FF7-6872-4180-8EB5-0C8D52EBA399}.Release|x64.Build.0 = Release|Any CPU
		{4D7B8FF7-6872-4180-8EB5-0C8D52EBA399}.Release|x86.ActiveCfg = Release|Any CPU
		{4D7B8FF7-6872-4180-8EB5-0C8D52EBA399}.Release|x86.Build.0 = Release|Any CPU
		{49B0F1FE-CA2F-4FEA-8E6B-0AE10646E76D}.Debug|Any CPU.ActiveCfg = Debug|Any CPU
		{49B0F1FE-CA2F-4FEA-8E6B-0AE10646E76D}.Debug|Any CPU.Build.0 = Debug|Any CPU
		{49B0F1FE-CA2F-4FEA-8E6B-0AE10646E76D}.Debug|x64.ActiveCfg = Debug|Any CPU
		{49B0F1FE-CA2F-4FEA-8E6B-0AE10646E76D}.Debug|x64.Build.0 = Debug|Any CPU
		{49B0F1FE-CA2F-4FEA-8E6B-0AE10646E76D}.Debug|x86.ActiveCfg = Debug|Any CPU
		{49B0F1FE-CA2F-4FEA-8E6B-0AE10646E76D}.Debug|x86.Build.0 = Debug|Any CPU
		{49B0F1FE-CA2F-4FEA-8E6B-0AE10646E76D}.Release|Any CPU.ActiveCfg = Release|Any CPU
		{49B0F1FE-CA2F-4FEA-8E6B-0AE10646E76D}.Release|Any CPU.Build.0 = Release|Any CPU
		{49B0F1FE-CA2F-4FEA-8E6B-0AE10646E76D}.Release|x64.ActiveCfg = Release|Any CPU
		{49B0F1FE-CA2F-4FEA-8E6B-0AE10646E76D}.Release|x64.Build.0 = Release|Any CPU
		{49B0F1FE-CA2F-4FEA-8E6B-0AE10646E76D}.Release|x86.ActiveCfg = Release|Any CPU
		{49B0F1FE-CA2F-4FEA-8E6B-0AE10646E76D}.Release|x86.Build.0 = Release|Any CPU
		{2CD4EC85-999E-4476-B822-3223BD9704EE}.Debug|Any CPU.ActiveCfg = Debug|Any CPU
		{2CD4EC85-999E-4476-B822-3223BD9704EE}.Debug|Any CPU.Build.0 = Debug|Any CPU
		{2CD4EC85-999E-4476-B822-3223BD9704EE}.Debug|x64.ActiveCfg = Debug|Any CPU
		{2CD4EC85-999E-4476-B822-3223BD9704EE}.Debug|x64.Build.0 = Debug|Any CPU
		{2CD4EC85-999E-4476-B822-3223BD9704EE}.Debug|x86.ActiveCfg = Debug|Any CPU
		{2CD4EC85-999E-4476-B822-3223BD9704EE}.Debug|x86.Build.0 = Debug|Any CPU
		{2CD4EC85-999E-4476-B822-3223BD9704EE}.Release|Any CPU.ActiveCfg = Release|Any CPU
		{2CD4EC85-999E-4476-B822-3223BD9704EE}.Release|Any CPU.Build.0 = Release|Any CPU
		{2CD4EC85-999E-4476-B822-3223BD9704EE}.Release|x64.ActiveCfg = Release|Any CPU
		{2CD4EC85-999E-4476-B822-3223BD9704EE}.Release|x64.Build.0 = Release|Any CPU
		{2CD4EC85-999E-4476-B822-3223BD9704EE}.Release|x86.ActiveCfg = Release|Any CPU
		{2CD4EC85-999E-4476-B822-3223BD9704EE}.Release|x86.Build.0 = Release|Any CPU
		{70F496F3-A34F-46C8-8D20-8DD732089BA3}.Debug|Any CPU.ActiveCfg = Debug|Any CPU
		{70F496F3-A34F-46C8-8D20-8DD732089BA3}.Debug|Any CPU.Build.0 = Debug|Any CPU
		{70F496F3-A34F-46C8-8D20-8DD732089BA3}.Debug|x64.ActiveCfg = Debug|Any CPU
		{70F496F3-A34F-46C8-8D20-8DD732089BA3}.Debug|x64.Build.0 = Debug|Any CPU
		{70F496F3-A34F-46C8-8D20-8DD732089BA3}.Debug|x86.ActiveCfg = Debug|Any CPU
		{70F496F3-A34F-46C8-8D20-8DD732089BA3}.Debug|x86.Build.0 = Debug|Any CPU
		{70F496F3-A34F-46C8-8D20-8DD732089BA3}.Release|Any CPU.ActiveCfg = Release|Any CPU
		{70F496F3-A34F-46C8-8D20-8DD732089BA3}.Release|Any CPU.Build.0 = Release|Any CPU
		{70F496F3-A34F-46C8-8D20-8DD732089BA3}.Release|x64.ActiveCfg = Release|Any CPU
		{70F496F3-A34F-46C8-8D20-8DD732089BA3}.Release|x64.Build.0 = Release|Any CPU
		{70F496F3-A34F-46C8-8D20-8DD732089BA3}.Release|x86.ActiveCfg = Release|Any CPU
		{70F496F3-A34F-46C8-8D20-8DD732089BA3}.Release|x86.Build.0 = Release|Any CPU
		{E0D993B2-95EA-4BC1-95C2-D0EC0797B7C2}.Debug|Any CPU.ActiveCfg = Debug|Any CPU
		{E0D993B2-95EA-4BC1-95C2-D0EC0797B7C2}.Debug|Any CPU.Build.0 = Debug|Any CPU
		{E0D993B2-95EA-4BC1-95C2-D0EC0797B7C2}.Debug|x64.ActiveCfg = Debug|Any CPU
		{E0D993B2-95EA-4BC1-95C2-D0EC0797B7C2}.Debug|x64.Build.0 = Debug|Any CPU
		{E0D993B2-95EA-4BC1-95C2-D0EC0797B7C2}.Debug|x86.ActiveCfg = Debug|Any CPU
		{E0D993B2-95EA-4BC1-95C2-D0EC0797B7C2}.Debug|x86.Build.0 = Debug|Any CPU
		{E0D993B2-95EA-4BC1-95C2-D0EC0797B7C2}.Release|Any CPU.ActiveCfg = Release|Any CPU
		{E0D993B2-95EA-4BC1-95C2-D0EC0797B7C2}.Release|Any CPU.Build.0 = Release|Any CPU
		{E0D993B2-95EA-4BC1-95C2-D0EC0797B7C2}.Release|x64.ActiveCfg = Release|Any CPU
		{E0D993B2-95EA-4BC1-95C2-D0EC0797B7C2}.Release|x64.Build.0 = Release|Any CPU
		{E0D993B2-95EA-4BC1-95C2-D0EC0797B7C2}.Release|x86.ActiveCfg = Release|Any CPU
		{E0D993B2-95EA-4BC1-95C2-D0EC0797B7C2}.Release|x86.Build.0 = Release|Any CPU
		{41AE2DB4-4C8B-4FA5-968D-DE3F4B7F62F3}.Debug|Any CPU.ActiveCfg = Debug|Any CPU
		{41AE2DB4-4C8B-4FA5-968D-DE3F4B7F62F3}.Debug|Any CPU.Build.0 = Debug|Any CPU
		{41AE2DB4-4C8B-4FA5-968D-DE3F4B7F62F3}.Debug|x64.ActiveCfg = Debug|Any CPU
		{41AE2DB4-4C8B-4FA5-968D-DE3F4B7F62F3}.Debug|x64.Build.0 = Debug|Any CPU
		{41AE2DB4-4C8B-4FA5-968D-DE3F4B7F62F3}.Debug|x86.ActiveCfg = Debug|Any CPU
		{41AE2DB4-4C8B-4FA5-968D-DE3F4B7F62F3}.Debug|x86.Build.0 = Debug|Any CPU
		{41AE2DB4-4C8B-4FA5-968D-DE3F4B7F62F3}.Release|Any CPU.ActiveCfg = Release|Any CPU
		{41AE2DB4-4C8B-4FA5-968D-DE3F4B7F62F3}.Release|Any CPU.Build.0 = Release|Any CPU
		{41AE2DB4-4C8B-4FA5-968D-DE3F4B7F62F3}.Release|x64.ActiveCfg = Release|Any CPU
		{41AE2DB4-4C8B-4FA5-968D-DE3F4B7F62F3}.Release|x64.Build.0 = Release|Any CPU
		{41AE2DB4-4C8B-4FA5-968D-DE3F4B7F62F3}.Release|x86.ActiveCfg = Release|Any CPU
		{41AE2DB4-4C8B-4FA5-968D-DE3F4B7F62F3}.Release|x86.Build.0 = Release|Any CPU
		{320BBC66-053B-451C-8A8D-72701C8BDE6C}.Debug|Any CPU.ActiveCfg = Debug|Any CPU
		{320BBC66-053B-451C-8A8D-72701C8BDE6C}.Debug|Any CPU.Build.0 = Debug|Any CPU
		{320BBC66-053B-451C-8A8D-72701C8BDE6C}.Debug|x64.ActiveCfg = Debug|Any CPU
		{320BBC66-053B-451C-8A8D-72701C8BDE6C}.Debug|x64.Build.0 = Debug|Any CPU
		{320BBC66-053B-451C-8A8D-72701C8BDE6C}.Debug|x86.ActiveCfg = Debug|Any CPU
		{320BBC66-053B-451C-8A8D-72701C8BDE6C}.Debug|x86.Build.0 = Debug|Any CPU
		{320BBC66-053B-451C-8A8D-72701C8BDE6C}.Release|Any CPU.ActiveCfg = Release|Any CPU
		{320BBC66-053B-451C-8A8D-72701C8BDE6C}.Release|Any CPU.Build.0 = Release|Any CPU
		{320BBC66-053B-451C-8A8D-72701C8BDE6C}.Release|x64.ActiveCfg = Release|Any CPU
		{320BBC66-053B-451C-8A8D-72701C8BDE6C}.Release|x64.Build.0 = Release|Any CPU
		{320BBC66-053B-451C-8A8D-72701C8BDE6C}.Release|x86.ActiveCfg = Release|Any CPU
		{320BBC66-053B-451C-8A8D-72701C8BDE6C}.Release|x86.Build.0 = Release|Any CPU
		{4D977994-935B-4633-8983-FD8AB19DD245}.Debug|Any CPU.ActiveCfg = Debug|Any CPU
		{4D977994-935B-4633-8983-FD8AB19DD245}.Debug|Any CPU.Build.0 = Debug|Any CPU
		{4D977994-935B-4633-8983-FD8AB19DD245}.Debug|x64.ActiveCfg = Debug|Any CPU
		{4D977994-935B-4633-8983-FD8AB19DD245}.Debug|x64.Build.0 = Debug|Any CPU
		{4D977994-935B-4633-8983-FD8AB19DD245}.Debug|x86.ActiveCfg = Debug|Any CPU
		{4D977994-935B-4633-8983-FD8AB19DD245}.Debug|x86.Build.0 = Debug|Any CPU
		{4D977994-935B-4633-8983-FD8AB19DD245}.Release|Any CPU.ActiveCfg = Release|Any CPU
		{4D977994-935B-4633-8983-FD8AB19DD245}.Release|Any CPU.Build.0 = Release|Any CPU
		{4D977994-935B-4633-8983-FD8AB19DD245}.Release|x64.ActiveCfg = Release|Any CPU
		{4D977994-935B-4633-8983-FD8AB19DD245}.Release|x64.Build.0 = Release|Any CPU
		{4D977994-935B-4633-8983-FD8AB19DD245}.Release|x86.ActiveCfg = Release|Any CPU
		{4D977994-935B-4633-8983-FD8AB19DD245}.Release|x86.Build.0 = Release|Any CPU
		{51296F98-1EE1-42CE-B922-1B06AA00DEBD}.Debug|Any CPU.ActiveCfg = Debug|Any CPU
		{51296F98-1EE1-42CE-B922-1B06AA00DEBD}.Debug|Any CPU.Build.0 = Debug|Any CPU
		{51296F98-1EE1-42CE-B922-1B06AA00DEBD}.Debug|x64.ActiveCfg = Debug|Any CPU
		{51296F98-1EE1-42CE-B922-1B06AA00DEBD}.Debug|x64.Build.0 = Debug|Any CPU
		{51296F98-1EE1-42CE-B922-1B06AA00DEBD}.Debug|x86.ActiveCfg = Debug|Any CPU
		{51296F98-1EE1-42CE-B922-1B06AA00DEBD}.Debug|x86.Build.0 = Debug|Any CPU
		{51296F98-1EE1-42CE-B922-1B06AA00DEBD}.Release|Any CPU.ActiveCfg = Release|Any CPU
		{51296F98-1EE1-42CE-B922-1B06AA00DEBD}.Release|Any CPU.Build.0 = Release|Any CPU
		{51296F98-1EE1-42CE-B922-1B06AA00DEBD}.Release|x64.ActiveCfg = Release|Any CPU
		{51296F98-1EE1-42CE-B922-1B06AA00DEBD}.Release|x64.Build.0 = Release|Any CPU
		{51296F98-1EE1-42CE-B922-1B06AA00DEBD}.Release|x86.ActiveCfg = Release|Any CPU
		{51296F98-1EE1-42CE-B922-1B06AA00DEBD}.Release|x86.Build.0 = Release|Any CPU
		{FBAACC16-0922-47FF-8301-18036530AFAA}.Debug|Any CPU.ActiveCfg = Debug|Any CPU
		{FBAACC16-0922-47FF-8301-18036530AFAA}.Debug|Any CPU.Build.0 = Debug|Any CPU
		{FBAACC16-0922-47FF-8301-18036530AFAA}.Debug|x64.ActiveCfg = Debug|Any CPU
		{FBAACC16-0922-47FF-8301-18036530AFAA}.Debug|x64.Build.0 = Debug|Any CPU
		{FBAACC16-0922-47FF-8301-18036530AFAA}.Debug|x86.ActiveCfg = Debug|Any CPU
		{FBAACC16-0922-47FF-8301-18036530AFAA}.Debug|x86.Build.0 = Debug|Any CPU
		{FBAACC16-0922-47FF-8301-18036530AFAA}.Release|Any CPU.ActiveCfg = Release|Any CPU
		{FBAACC16-0922-47FF-8301-18036530AFAA}.Release|Any CPU.Build.0 = Release|Any CPU
		{FBAACC16-0922-47FF-8301-18036530AFAA}.Release|x64.ActiveCfg = Release|Any CPU
		{FBAACC16-0922-47FF-8301-18036530AFAA}.Release|x64.Build.0 = Release|Any CPU
		{FBAACC16-0922-47FF-8301-18036530AFAA}.Release|x86.ActiveCfg = Release|Any CPU
		{FBAACC16-0922-47FF-8301-18036530AFAA}.Release|x86.Build.0 = Release|Any CPU
		{B08D4665-D3FC-4E00-BF96-9A71A1A47F0E}.Debug|Any CPU.ActiveCfg = Debug|Any CPU
		{B08D4665-D3FC-4E00-BF96-9A71A1A47F0E}.Debug|Any CPU.Build.0 = Debug|Any CPU
		{B08D4665-D3FC-4E00-BF96-9A71A1A47F0E}.Debug|x64.ActiveCfg = Debug|Any CPU
		{B08D4665-D3FC-4E00-BF96-9A71A1A47F0E}.Debug|x64.Build.0 = Debug|Any CPU
		{B08D4665-D3FC-4E00-BF96-9A71A1A47F0E}.Debug|x86.ActiveCfg = Debug|Any CPU
		{B08D4665-D3FC-4E00-BF96-9A71A1A47F0E}.Debug|x86.Build.0 = Debug|Any CPU
		{B08D4665-D3FC-4E00-BF96-9A71A1A47F0E}.Release|Any CPU.ActiveCfg = Release|Any CPU
		{B08D4665-D3FC-4E00-BF96-9A71A1A47F0E}.Release|Any CPU.Build.0 = Release|Any CPU
		{B08D4665-D3FC-4E00-BF96-9A71A1A47F0E}.Release|x64.ActiveCfg = Release|Any CPU
		{B08D4665-D3FC-4E00-BF96-9A71A1A47F0E}.Release|x64.Build.0 = Release|Any CPU
		{B08D4665-D3FC-4E00-BF96-9A71A1A47F0E}.Release|x86.ActiveCfg = Release|Any CPU
		{B08D4665-D3FC-4E00-BF96-9A71A1A47F0E}.Release|x86.Build.0 = Release|Any CPU
		{C20BFDB9-E26A-4656-A4A7-7344ACCD7764}.Debug|Any CPU.ActiveCfg = Debug|Any CPU
		{C20BFDB9-E26A-4656-A4A7-7344ACCD7764}.Debug|Any CPU.Build.0 = Debug|Any CPU
		{C20BFDB9-E26A-4656-A4A7-7344ACCD7764}.Debug|x64.ActiveCfg = Debug|Any CPU
		{C20BFDB9-E26A-4656-A4A7-7344ACCD7764}.Debug|x64.Build.0 = Debug|Any CPU
		{C20BFDB9-E26A-4656-A4A7-7344ACCD7764}.Debug|x86.ActiveCfg = Debug|Any CPU
		{C20BFDB9-E26A-4656-A4A7-7344ACCD7764}.Debug|x86.Build.0 = Debug|Any CPU
		{C20BFDB9-E26A-4656-A4A7-7344ACCD7764}.Release|Any CPU.ActiveCfg = Release|Any CPU
		{C20BFDB9-E26A-4656-A4A7-7344ACCD7764}.Release|Any CPU.Build.0 = Release|Any CPU
		{C20BFDB9-E26A-4656-A4A7-7344ACCD7764}.Release|x64.ActiveCfg = Release|Any CPU
		{C20BFDB9-E26A-4656-A4A7-7344ACCD7764}.Release|x64.Build.0 = Release|Any CPU
		{C20BFDB9-E26A-4656-A4A7-7344ACCD7764}.Release|x86.ActiveCfg = Release|Any CPU
		{C20BFDB9-E26A-4656-A4A7-7344ACCD7764}.Release|x86.Build.0 = Release|Any CPU
		{2FDD0BC6-2CE7-457D-99DE-AB691D00D5E1}.Debug|Any CPU.ActiveCfg = Debug|Any CPU
		{2FDD0BC6-2CE7-457D-99DE-AB691D00D5E1}.Debug|Any CPU.Build.0 = Debug|Any CPU
		{2FDD0BC6-2CE7-457D-99DE-AB691D00D5E1}.Debug|x64.ActiveCfg = Debug|Any CPU
		{2FDD0BC6-2CE7-457D-99DE-AB691D00D5E1}.Debug|x64.Build.0 = Debug|Any CPU
		{2FDD0BC6-2CE7-457D-99DE-AB691D00D5E1}.Debug|x86.ActiveCfg = Debug|Any CPU
		{2FDD0BC6-2CE7-457D-99DE-AB691D00D5E1}.Debug|x86.Build.0 = Debug|Any CPU
		{2FDD0BC6-2CE7-457D-99DE-AB691D00D5E1}.Release|Any CPU.ActiveCfg = Release|Any CPU
		{2FDD0BC6-2CE7-457D-99DE-AB691D00D5E1}.Release|Any CPU.Build.0 = Release|Any CPU
		{2FDD0BC6-2CE7-457D-99DE-AB691D00D5E1}.Release|x64.ActiveCfg = Release|Any CPU
		{2FDD0BC6-2CE7-457D-99DE-AB691D00D5E1}.Release|x64.Build.0 = Release|Any CPU
		{2FDD0BC6-2CE7-457D-99DE-AB691D00D5E1}.Release|x86.ActiveCfg = Release|Any CPU
		{2FDD0BC6-2CE7-457D-99DE-AB691D00D5E1}.Release|x86.Build.0 = Release|Any CPU
		{FC3FE907-A6C5-4E2D-A11C-79F9987BF6DD}.Debug|Any CPU.ActiveCfg = Debug|Any CPU
		{FC3FE907-A6C5-4E2D-A11C-79F9987BF6DD}.Debug|Any CPU.Build.0 = Debug|Any CPU
		{FC3FE907-A6C5-4E2D-A11C-79F9987BF6DD}.Debug|x64.ActiveCfg = Debug|Any CPU
		{FC3FE907-A6C5-4E2D-A11C-79F9987BF6DD}.Debug|x64.Build.0 = Debug|Any CPU
		{FC3FE907-A6C5-4E2D-A11C-79F9987BF6DD}.Debug|x86.ActiveCfg = Debug|Any CPU
		{FC3FE907-A6C5-4E2D-A11C-79F9987BF6DD}.Debug|x86.Build.0 = Debug|Any CPU
		{FC3FE907-A6C5-4E2D-A11C-79F9987BF6DD}.Release|Any CPU.ActiveCfg = Release|Any CPU
		{FC3FE907-A6C5-4E2D-A11C-79F9987BF6DD}.Release|Any CPU.Build.0 = Release|Any CPU
		{FC3FE907-A6C5-4E2D-A11C-79F9987BF6DD}.Release|x64.ActiveCfg = Release|Any CPU
		{FC3FE907-A6C5-4E2D-A11C-79F9987BF6DD}.Release|x64.Build.0 = Release|Any CPU
		{FC3FE907-A6C5-4E2D-A11C-79F9987BF6DD}.Release|x86.ActiveCfg = Release|Any CPU
		{FC3FE907-A6C5-4E2D-A11C-79F9987BF6DD}.Release|x86.Build.0 = Release|Any CPU
		{FB7F5A9F-356F-4C2D-9696-3925EA95A9F6}.Debug|Any CPU.ActiveCfg = Debug|Any CPU
		{FB7F5A9F-356F-4C2D-9696-3925EA95A9F6}.Debug|Any CPU.Build.0 = Debug|Any CPU
		{FB7F5A9F-356F-4C2D-9696-3925EA95A9F6}.Debug|x64.ActiveCfg = Debug|Any CPU
		{FB7F5A9F-356F-4C2D-9696-3925EA95A9F6}.Debug|x64.Build.0 = Debug|Any CPU
		{FB7F5A9F-356F-4C2D-9696-3925EA95A9F6}.Debug|x86.ActiveCfg = Debug|Any CPU
		{FB7F5A9F-356F-4C2D-9696-3925EA95A9F6}.Debug|x86.Build.0 = Debug|Any CPU
		{FB7F5A9F-356F-4C2D-9696-3925EA95A9F6}.Release|Any CPU.ActiveCfg = Release|Any CPU
		{FB7F5A9F-356F-4C2D-9696-3925EA95A9F6}.Release|Any CPU.Build.0 = Release|Any CPU
		{FB7F5A9F-356F-4C2D-9696-3925EA95A9F6}.Release|x64.ActiveCfg = Release|Any CPU
		{FB7F5A9F-356F-4C2D-9696-3925EA95A9F6}.Release|x64.Build.0 = Release|Any CPU
		{FB7F5A9F-356F-4C2D-9696-3925EA95A9F6}.Release|x86.ActiveCfg = Release|Any CPU
		{FB7F5A9F-356F-4C2D-9696-3925EA95A9F6}.Release|x86.Build.0 = Release|Any CPU
		{769EAC4B-577B-4432-948A-84AB6675EBEF}.Debug|Any CPU.ActiveCfg = Debug|Any CPU
		{769EAC4B-577B-4432-948A-84AB6675EBEF}.Debug|Any CPU.Build.0 = Debug|Any CPU
		{769EAC4B-577B-4432-948A-84AB6675EBEF}.Debug|x64.ActiveCfg = Debug|Any CPU
		{769EAC4B-577B-4432-948A-84AB6675EBEF}.Debug|x64.Build.0 = Debug|Any CPU
		{769EAC4B-577B-4432-948A-84AB6675EBEF}.Debug|x86.ActiveCfg = Debug|Any CPU
		{769EAC4B-577B-4432-948A-84AB6675EBEF}.Debug|x86.Build.0 = Debug|Any CPU
		{769EAC4B-577B-4432-948A-84AB6675EBEF}.Release|Any CPU.ActiveCfg = Release|Any CPU
		{769EAC4B-577B-4432-948A-84AB6675EBEF}.Release|Any CPU.Build.0 = Release|Any CPU
		{769EAC4B-577B-4432-948A-84AB6675EBEF}.Release|x64.ActiveCfg = Release|Any CPU
		{769EAC4B-577B-4432-948A-84AB6675EBEF}.Release|x64.Build.0 = Release|Any CPU
		{769EAC4B-577B-4432-948A-84AB6675EBEF}.Release|x86.ActiveCfg = Release|Any CPU
		{769EAC4B-577B-4432-948A-84AB6675EBEF}.Release|x86.Build.0 = Release|Any CPU
		{3A53B572-A1D9-47E5-8C0B-4E81ABF69EEA}.Debug|Any CPU.ActiveCfg = Debug|Any CPU
		{3A53B572-A1D9-47E5-8C0B-4E81ABF69EEA}.Debug|Any CPU.Build.0 = Debug|Any CPU
		{3A53B572-A1D9-47E5-8C0B-4E81ABF69EEA}.Debug|x64.ActiveCfg = Debug|Any CPU
		{3A53B572-A1D9-47E5-8C0B-4E81ABF69EEA}.Debug|x64.Build.0 = Debug|Any CPU
		{3A53B572-A1D9-47E5-8C0B-4E81ABF69EEA}.Debug|x86.ActiveCfg = Debug|Any CPU
		{3A53B572-A1D9-47E5-8C0B-4E81ABF69EEA}.Debug|x86.Build.0 = Debug|Any CPU
		{3A53B572-A1D9-47E5-8C0B-4E81ABF69EEA}.Release|Any CPU.ActiveCfg = Release|Any CPU
		{3A53B572-A1D9-47E5-8C0B-4E81ABF69EEA}.Release|Any CPU.Build.0 = Release|Any CPU
		{3A53B572-A1D9-47E5-8C0B-4E81ABF69EEA}.Release|x64.ActiveCfg = Release|Any CPU
		{3A53B572-A1D9-47E5-8C0B-4E81ABF69EEA}.Release|x64.Build.0 = Release|Any CPU
		{3A53B572-A1D9-47E5-8C0B-4E81ABF69EEA}.Release|x86.ActiveCfg = Release|Any CPU
		{3A53B572-A1D9-47E5-8C0B-4E81ABF69EEA}.Release|x86.Build.0 = Release|Any CPU
		{9AC4963A-C2EC-4B60-B638-75DAF3BA6B20}.Debug|Any CPU.ActiveCfg = Debug|Any CPU
		{9AC4963A-C2EC-4B60-B638-75DAF3BA6B20}.Debug|Any CPU.Build.0 = Debug|Any CPU
		{9AC4963A-C2EC-4B60-B638-75DAF3BA6B20}.Debug|x64.ActiveCfg = Debug|Any CPU
		{9AC4963A-C2EC-4B60-B638-75DAF3BA6B20}.Debug|x64.Build.0 = Debug|Any CPU
		{9AC4963A-C2EC-4B60-B638-75DAF3BA6B20}.Debug|x86.ActiveCfg = Debug|Any CPU
		{9AC4963A-C2EC-4B60-B638-75DAF3BA6B20}.Debug|x86.Build.0 = Debug|Any CPU
		{9AC4963A-C2EC-4B60-B638-75DAF3BA6B20}.Release|Any CPU.ActiveCfg = Release|Any CPU
		{9AC4963A-C2EC-4B60-B638-75DAF3BA6B20}.Release|Any CPU.Build.0 = Release|Any CPU
		{9AC4963A-C2EC-4B60-B638-75DAF3BA6B20}.Release|x64.ActiveCfg = Release|Any CPU
		{9AC4963A-C2EC-4B60-B638-75DAF3BA6B20}.Release|x64.Build.0 = Release|Any CPU
		{9AC4963A-C2EC-4B60-B638-75DAF3BA6B20}.Release|x86.ActiveCfg = Release|Any CPU
		{9AC4963A-C2EC-4B60-B638-75DAF3BA6B20}.Release|x86.Build.0 = Release|Any CPU
		{A45A8955-5B66-4580-A394-40B4F08C85B1}.Debug|Any CPU.ActiveCfg = Debug|Any CPU
		{A45A8955-5B66-4580-A394-40B4F08C85B1}.Debug|Any CPU.Build.0 = Debug|Any CPU
		{A45A8955-5B66-4580-A394-40B4F08C85B1}.Debug|x64.ActiveCfg = Debug|Any CPU
		{A45A8955-5B66-4580-A394-40B4F08C85B1}.Debug|x64.Build.0 = Debug|Any CPU
		{A45A8955-5B66-4580-A394-40B4F08C85B1}.Debug|x86.ActiveCfg = Debug|Any CPU
		{A45A8955-5B66-4580-A394-40B4F08C85B1}.Debug|x86.Build.0 = Debug|Any CPU
		{A45A8955-5B66-4580-A394-40B4F08C85B1}.Release|Any CPU.ActiveCfg = Release|Any CPU
		{A45A8955-5B66-4580-A394-40B4F08C85B1}.Release|Any CPU.Build.0 = Release|Any CPU
		{A45A8955-5B66-4580-A394-40B4F08C85B1}.Release|x64.ActiveCfg = Release|Any CPU
		{A45A8955-5B66-4580-A394-40B4F08C85B1}.Release|x64.Build.0 = Release|Any CPU
		{A45A8955-5B66-4580-A394-40B4F08C85B1}.Release|x86.ActiveCfg = Release|Any CPU
		{A45A8955-5B66-4580-A394-40B4F08C85B1}.Release|x86.Build.0 = Release|Any CPU
		{651C79BA-2F96-4092-9AD6-E96D5214872B}.Debug|Any CPU.ActiveCfg = Debug|Any CPU
		{651C79BA-2F96-4092-9AD6-E96D5214872B}.Debug|Any CPU.Build.0 = Debug|Any CPU
		{651C79BA-2F96-4092-9AD6-E96D5214872B}.Debug|x64.ActiveCfg = Debug|Any CPU
		{651C79BA-2F96-4092-9AD6-E96D5214872B}.Debug|x64.Build.0 = Debug|Any CPU
		{651C79BA-2F96-4092-9AD6-E96D5214872B}.Debug|x86.ActiveCfg = Debug|Any CPU
		{651C79BA-2F96-4092-9AD6-E96D5214872B}.Debug|x86.Build.0 = Debug|Any CPU
		{651C79BA-2F96-4092-9AD6-E96D5214872B}.Release|Any CPU.ActiveCfg = Release|Any CPU
		{651C79BA-2F96-4092-9AD6-E96D5214872B}.Release|Any CPU.Build.0 = Release|Any CPU
		{651C79BA-2F96-4092-9AD6-E96D5214872B}.Release|x64.ActiveCfg = Release|Any CPU
		{651C79BA-2F96-4092-9AD6-E96D5214872B}.Release|x64.Build.0 = Release|Any CPU
		{651C79BA-2F96-4092-9AD6-E96D5214872B}.Release|x86.ActiveCfg = Release|Any CPU
		{651C79BA-2F96-4092-9AD6-E96D5214872B}.Release|x86.Build.0 = Release|Any CPU
		{58AFD987-287A-43D0-AD2B-652B8B900EF8}.Debug|Any CPU.ActiveCfg = Debug|Any CPU
		{58AFD987-287A-43D0-AD2B-652B8B900EF8}.Debug|Any CPU.Build.0 = Debug|Any CPU
		{58AFD987-287A-43D0-AD2B-652B8B900EF8}.Debug|x64.ActiveCfg = Debug|Any CPU
		{58AFD987-287A-43D0-AD2B-652B8B900EF8}.Debug|x64.Build.0 = Debug|Any CPU
		{58AFD987-287A-43D0-AD2B-652B8B900EF8}.Debug|x86.ActiveCfg = Debug|Any CPU
		{58AFD987-287A-43D0-AD2B-652B8B900EF8}.Debug|x86.Build.0 = Debug|Any CPU
		{58AFD987-287A-43D0-AD2B-652B8B900EF8}.Release|Any CPU.ActiveCfg = Release|Any CPU
		{58AFD987-287A-43D0-AD2B-652B8B900EF8}.Release|Any CPU.Build.0 = Release|Any CPU
		{58AFD987-287A-43D0-AD2B-652B8B900EF8}.Release|x64.ActiveCfg = Release|Any CPU
		{58AFD987-287A-43D0-AD2B-652B8B900EF8}.Release|x64.Build.0 = Release|Any CPU
		{58AFD987-287A-43D0-AD2B-652B8B900EF8}.Release|x86.ActiveCfg = Release|Any CPU
		{58AFD987-287A-43D0-AD2B-652B8B900EF8}.Release|x86.Build.0 = Release|Any CPU
		{BE91ED09-CB7C-415D-8AA3-D751AA40DC1C}.Debug|Any CPU.ActiveCfg = Debug|Any CPU
		{BE91ED09-CB7C-415D-8AA3-D751AA40DC1C}.Debug|Any CPU.Build.0 = Debug|Any CPU
		{BE91ED09-CB7C-415D-8AA3-D751AA40DC1C}.Debug|x64.ActiveCfg = Debug|Any CPU
		{BE91ED09-CB7C-415D-8AA3-D751AA40DC1C}.Debug|x64.Build.0 = Debug|Any CPU
		{BE91ED09-CB7C-415D-8AA3-D751AA40DC1C}.Debug|x86.ActiveCfg = Debug|Any CPU
		{BE91ED09-CB7C-415D-8AA3-D751AA40DC1C}.Debug|x86.Build.0 = Debug|Any CPU
		{BE91ED09-CB7C-415D-8AA3-D751AA40DC1C}.Release|Any CPU.ActiveCfg = Release|Any CPU
		{BE91ED09-CB7C-415D-8AA3-D751AA40DC1C}.Release|Any CPU.Build.0 = Release|Any CPU
		{BE91ED09-CB7C-415D-8AA3-D751AA40DC1C}.Release|x64.ActiveCfg = Release|Any CPU
		{BE91ED09-CB7C-415D-8AA3-D751AA40DC1C}.Release|x64.Build.0 = Release|Any CPU
		{BE91ED09-CB7C-415D-8AA3-D751AA40DC1C}.Release|x86.ActiveCfg = Release|Any CPU
		{BE91ED09-CB7C-415D-8AA3-D751AA40DC1C}.Release|x86.Build.0 = Release|Any CPU
		{D083BD6E-D8BD-4E67-AD6F-5F4C0C0DD7E5}.Debug|Any CPU.ActiveCfg = Debug|Any CPU
		{D083BD6E-D8BD-4E67-AD6F-5F4C0C0DD7E5}.Debug|Any CPU.Build.0 = Debug|Any CPU
		{D083BD6E-D8BD-4E67-AD6F-5F4C0C0DD7E5}.Debug|x64.ActiveCfg = Debug|Any CPU
		{D083BD6E-D8BD-4E67-AD6F-5F4C0C0DD7E5}.Debug|x64.Build.0 = Debug|Any CPU
		{D083BD6E-D8BD-4E67-AD6F-5F4C0C0DD7E5}.Debug|x86.ActiveCfg = Debug|Any CPU
		{D083BD6E-D8BD-4E67-AD6F-5F4C0C0DD7E5}.Debug|x86.Build.0 = Debug|Any CPU
		{D083BD6E-D8BD-4E67-AD6F-5F4C0C0DD7E5}.Release|Any CPU.ActiveCfg = Release|Any CPU
		{D083BD6E-D8BD-4E67-AD6F-5F4C0C0DD7E5}.Release|Any CPU.Build.0 = Release|Any CPU
		{D083BD6E-D8BD-4E67-AD6F-5F4C0C0DD7E5}.Release|x64.ActiveCfg = Release|Any CPU
		{D083BD6E-D8BD-4E67-AD6F-5F4C0C0DD7E5}.Release|x64.Build.0 = Release|Any CPU
		{D083BD6E-D8BD-4E67-AD6F-5F4C0C0DD7E5}.Release|x86.ActiveCfg = Release|Any CPU
		{D083BD6E-D8BD-4E67-AD6F-5F4C0C0DD7E5}.Release|x86.Build.0 = Release|Any CPU
		{1582D31B-513D-4BD5-BA30-A45E8BD23E54}.Debug|Any CPU.ActiveCfg = Debug|Any CPU
		{1582D31B-513D-4BD5-BA30-A45E8BD23E54}.Debug|Any CPU.Build.0 = Debug|Any CPU
		{1582D31B-513D-4BD5-BA30-A45E8BD23E54}.Debug|x64.ActiveCfg = Debug|Any CPU
		{1582D31B-513D-4BD5-BA30-A45E8BD23E54}.Debug|x64.Build.0 = Debug|Any CPU
		{1582D31B-513D-4BD5-BA30-A45E8BD23E54}.Debug|x86.ActiveCfg = Debug|Any CPU
		{1582D31B-513D-4BD5-BA30-A45E8BD23E54}.Debug|x86.Build.0 = Debug|Any CPU
		{1582D31B-513D-4BD5-BA30-A45E8BD23E54}.Release|Any CPU.ActiveCfg = Release|Any CPU
		{1582D31B-513D-4BD5-BA30-A45E8BD23E54}.Release|Any CPU.Build.0 = Release|Any CPU
		{1582D31B-513D-4BD5-BA30-A45E8BD23E54}.Release|x64.ActiveCfg = Release|Any CPU
		{1582D31B-513D-4BD5-BA30-A45E8BD23E54}.Release|x64.Build.0 = Release|Any CPU
		{1582D31B-513D-4BD5-BA30-A45E8BD23E54}.Release|x86.ActiveCfg = Release|Any CPU
		{1582D31B-513D-4BD5-BA30-A45E8BD23E54}.Release|x86.Build.0 = Release|Any CPU
		{BD31053D-97E0-4ADA-ACE4-9467288CEB9F}.Debug|Any CPU.ActiveCfg = Debug|Any CPU
		{BD31053D-97E0-4ADA-ACE4-9467288CEB9F}.Debug|Any CPU.Build.0 = Debug|Any CPU
		{BD31053D-97E0-4ADA-ACE4-9467288CEB9F}.Debug|x64.ActiveCfg = Debug|Any CPU
		{BD31053D-97E0-4ADA-ACE4-9467288CEB9F}.Debug|x64.Build.0 = Debug|Any CPU
		{BD31053D-97E0-4ADA-ACE4-9467288CEB9F}.Debug|x86.ActiveCfg = Debug|Any CPU
		{BD31053D-97E0-4ADA-ACE4-9467288CEB9F}.Debug|x86.Build.0 = Debug|Any CPU
		{BD31053D-97E0-4ADA-ACE4-9467288CEB9F}.Release|Any CPU.ActiveCfg = Release|Any CPU
		{BD31053D-97E0-4ADA-ACE4-9467288CEB9F}.Release|Any CPU.Build.0 = Release|Any CPU
		{BD31053D-97E0-4ADA-ACE4-9467288CEB9F}.Release|x64.ActiveCfg = Release|Any CPU
		{BD31053D-97E0-4ADA-ACE4-9467288CEB9F}.Release|x64.Build.0 = Release|Any CPU
		{BD31053D-97E0-4ADA-ACE4-9467288CEB9F}.Release|x86.ActiveCfg = Release|Any CPU
		{BD31053D-97E0-4ADA-ACE4-9467288CEB9F}.Release|x86.Build.0 = Release|Any CPU
		{084C8BA4-1C03-4501-B93C-A79828A409CA}.Debug|Any CPU.ActiveCfg = Debug|Any CPU
		{084C8BA4-1C03-4501-B93C-A79828A409CA}.Debug|Any CPU.Build.0 = Debug|Any CPU
		{084C8BA4-1C03-4501-B93C-A79828A409CA}.Debug|x64.ActiveCfg = Debug|Any CPU
		{084C8BA4-1C03-4501-B93C-A79828A409CA}.Debug|x64.Build.0 = Debug|Any CPU
		{084C8BA4-1C03-4501-B93C-A79828A409CA}.Debug|x86.ActiveCfg = Debug|Any CPU
		{084C8BA4-1C03-4501-B93C-A79828A409CA}.Debug|x86.Build.0 = Debug|Any CPU
		{084C8BA4-1C03-4501-B93C-A79828A409CA}.Release|Any CPU.ActiveCfg = Release|Any CPU
		{084C8BA4-1C03-4501-B93C-A79828A409CA}.Release|Any CPU.Build.0 = Release|Any CPU
		{084C8BA4-1C03-4501-B93C-A79828A409CA}.Release|x64.ActiveCfg = Release|Any CPU
		{084C8BA4-1C03-4501-B93C-A79828A409CA}.Release|x64.Build.0 = Release|Any CPU
		{084C8BA4-1C03-4501-B93C-A79828A409CA}.Release|x86.ActiveCfg = Release|Any CPU
		{084C8BA4-1C03-4501-B93C-A79828A409CA}.Release|x86.Build.0 = Release|Any CPU
		{D203D7D7-E4C9-4311-8A78-76C431562DF4}.Debug|Any CPU.ActiveCfg = Debug|Any CPU
		{D203D7D7-E4C9-4311-8A78-76C431562DF4}.Debug|Any CPU.Build.0 = Debug|Any CPU
		{D203D7D7-E4C9-4311-8A78-76C431562DF4}.Debug|x64.ActiveCfg = Debug|Any CPU
		{D203D7D7-E4C9-4311-8A78-76C431562DF4}.Debug|x64.Build.0 = Debug|Any CPU
		{D203D7D7-E4C9-4311-8A78-76C431562DF4}.Debug|x86.ActiveCfg = Debug|Any CPU
		{D203D7D7-E4C9-4311-8A78-76C431562DF4}.Debug|x86.Build.0 = Debug|Any CPU
		{D203D7D7-E4C9-4311-8A78-76C431562DF4}.Release|Any CPU.ActiveCfg = Release|Any CPU
		{D203D7D7-E4C9-4311-8A78-76C431562DF4}.Release|Any CPU.Build.0 = Release|Any CPU
		{D203D7D7-E4C9-4311-8A78-76C431562DF4}.Release|x64.ActiveCfg = Release|Any CPU
		{D203D7D7-E4C9-4311-8A78-76C431562DF4}.Release|x64.Build.0 = Release|Any CPU
		{D203D7D7-E4C9-4311-8A78-76C431562DF4}.Release|x86.ActiveCfg = Release|Any CPU
		{D203D7D7-E4C9-4311-8A78-76C431562DF4}.Release|x86.Build.0 = Release|Any CPU
		{95A698E8-3D24-403C-B264-777FB0BD9D12}.Debug|Any CPU.ActiveCfg = Debug|Any CPU
		{95A698E8-3D24-403C-B264-777FB0BD9D12}.Debug|Any CPU.Build.0 = Debug|Any CPU
		{95A698E8-3D24-403C-B264-777FB0BD9D12}.Debug|x64.ActiveCfg = Debug|Any CPU
		{95A698E8-3D24-403C-B264-777FB0BD9D12}.Debug|x64.Build.0 = Debug|Any CPU
		{95A698E8-3D24-403C-B264-777FB0BD9D12}.Debug|x86.ActiveCfg = Debug|Any CPU
		{95A698E8-3D24-403C-B264-777FB0BD9D12}.Debug|x86.Build.0 = Debug|Any CPU
		{95A698E8-3D24-403C-B264-777FB0BD9D12}.Release|Any CPU.ActiveCfg = Release|Any CPU
		{95A698E8-3D24-403C-B264-777FB0BD9D12}.Release|Any CPU.Build.0 = Release|Any CPU
		{95A698E8-3D24-403C-B264-777FB0BD9D12}.Release|x64.ActiveCfg = Release|Any CPU
		{95A698E8-3D24-403C-B264-777FB0BD9D12}.Release|x64.Build.0 = Release|Any CPU
		{95A698E8-3D24-403C-B264-777FB0BD9D12}.Release|x86.ActiveCfg = Release|Any CPU
		{95A698E8-3D24-403C-B264-777FB0BD9D12}.Release|x86.Build.0 = Release|Any CPU
		{199CB67C-0005-401E-B345-1DAA48B34C24}.Debug|Any CPU.ActiveCfg = Debug|Any CPU
		{199CB67C-0005-401E-B345-1DAA48B34C24}.Debug|Any CPU.Build.0 = Debug|Any CPU
		{199CB67C-0005-401E-B345-1DAA48B34C24}.Debug|x64.ActiveCfg = Debug|Any CPU
		{199CB67C-0005-401E-B345-1DAA48B34C24}.Debug|x64.Build.0 = Debug|Any CPU
		{199CB67C-0005-401E-B345-1DAA48B34C24}.Debug|x86.ActiveCfg = Debug|Any CPU
		{199CB67C-0005-401E-B345-1DAA48B34C24}.Debug|x86.Build.0 = Debug|Any CPU
		{199CB67C-0005-401E-B345-1DAA48B34C24}.Release|Any CPU.ActiveCfg = Release|Any CPU
		{199CB67C-0005-401E-B345-1DAA48B34C24}.Release|Any CPU.Build.0 = Release|Any CPU
		{199CB67C-0005-401E-B345-1DAA48B34C24}.Release|x64.ActiveCfg = Release|Any CPU
		{199CB67C-0005-401E-B345-1DAA48B34C24}.Release|x64.Build.0 = Release|Any CPU
		{199CB67C-0005-401E-B345-1DAA48B34C24}.Release|x86.ActiveCfg = Release|Any CPU
		{199CB67C-0005-401E-B345-1DAA48B34C24}.Release|x86.Build.0 = Release|Any CPU
		{74307BF0-1B12-4ECE-8BBE-9744B6AB4E55}.Debug|Any CPU.ActiveCfg = Debug|Any CPU
		{74307BF0-1B12-4ECE-8BBE-9744B6AB4E55}.Debug|Any CPU.Build.0 = Debug|Any CPU
		{74307BF0-1B12-4ECE-8BBE-9744B6AB4E55}.Debug|x64.ActiveCfg = Debug|Any CPU
		{74307BF0-1B12-4ECE-8BBE-9744B6AB4E55}.Debug|x64.Build.0 = Debug|Any CPU
		{74307BF0-1B12-4ECE-8BBE-9744B6AB4E55}.Debug|x86.ActiveCfg = Debug|Any CPU
		{74307BF0-1B12-4ECE-8BBE-9744B6AB4E55}.Debug|x86.Build.0 = Debug|Any CPU
		{74307BF0-1B12-4ECE-8BBE-9744B6AB4E55}.Release|Any CPU.ActiveCfg = Release|Any CPU
		{74307BF0-1B12-4ECE-8BBE-9744B6AB4E55}.Release|Any CPU.Build.0 = Release|Any CPU
		{74307BF0-1B12-4ECE-8BBE-9744B6AB4E55}.Release|x64.ActiveCfg = Release|Any CPU
		{74307BF0-1B12-4ECE-8BBE-9744B6AB4E55}.Release|x64.Build.0 = Release|Any CPU
		{74307BF0-1B12-4ECE-8BBE-9744B6AB4E55}.Release|x86.ActiveCfg = Release|Any CPU
		{74307BF0-1B12-4ECE-8BBE-9744B6AB4E55}.Release|x86.Build.0 = Release|Any CPU
	EndGlobalSection
	GlobalSection(SolutionProperties) = preSolution
		HideSolutionNode = FALSE
	EndGlobalSection
	GlobalSection(NestedProjects) = preSolution
		{E8250C1F-3938-4A88-B390-CA6736E5F936} = {AF6EA90D-5932-46BD-9AA7-15E485122792}
		{D46A7A86-E089-403C-86DF-2CFBB5BC7C1E} = {E8250C1F-3938-4A88-B390-CA6736E5F936}
		{B9370ED4-5CCD-451C-B341-ABAAE7322E9A} = {D46A7A86-E089-403C-86DF-2CFBB5BC7C1E}
		{CD5E3C4E-66C8-46DB-A5CE-8D8747B43745} = {E8250C1F-3938-4A88-B390-CA6736E5F936}
		{A2DB8DBA-A4F0-4C0C-8521-5396B9C21A44} = {E8250C1F-3938-4A88-B390-CA6736E5F936}
		{90E22D71-4842-4549-B6E1-2F7A1D4C3C3F} = {A2DB8DBA-A4F0-4C0C-8521-5396B9C21A44}
		{ACD8418D-007D-4CAA-A71E-DA39D6C2F053} = {CD5E3C4E-66C8-46DB-A5CE-8D8747B43745}
		{6BE34951-DD85-417D-8FEE-F69921414FE0} = {E8250C1F-3938-4A88-B390-CA6736E5F936}
		{FE3A5415-B2BF-4A44-BCD9-BBB9B2FFA715} = {6BE34951-DD85-417D-8FEE-F69921414FE0}
		{0AD27FF2-5687-4E47-AEE4-C9CCFDA46321} = {E8250C1F-3938-4A88-B390-CA6736E5F936}
		{B0305779-EF0C-488C-8742-E54D992EF3F5} = {0AD27FF2-5687-4E47-AEE4-C9CCFDA46321}
		{48C5F52B-2D22-4DF8-8D12-4BA33BB4FD4F} = {E8250C1F-3938-4A88-B390-CA6736E5F936}
		{C6013CAD-EBA4-41E5-AA6F-2E48314073AC} = {48C5F52B-2D22-4DF8-8D12-4BA33BB4FD4F}
		{21660304-2B32-4952-BA80-1AADCB259B75} = {AF6EA90D-5932-46BD-9AA7-15E485122792}
		{BD4BC2AD-441F-4C7F-AC29-A7ED89155807} = {AF6EA90D-5932-46BD-9AA7-15E485122792}
		{DC525E4B-B473-4836-9DD8-73CBCBF63AD0} = {BD4BC2AD-441F-4C7F-AC29-A7ED89155807}
		{0DC05D9B-99CC-425A-85C3-AAC9ED9ED60D} = {AF6EA90D-5932-46BD-9AA7-15E485122792}
		{6A637665-DC62-4DFA-8EB9-97781944D79B} = {48C5F52B-2D22-4DF8-8D12-4BA33BB4FD4F}
		{90835BE1-0FB4-4425-9743-59AE0A7FC92F} = {21660304-2B32-4952-BA80-1AADCB259B75}
		{63CBD848-6586-44DE-A391-138E9CA785FA} = {90835BE1-0FB4-4425-9743-59AE0A7FC92F}
		{F3331CFD-3078-4706-B4F6-2600946A85CE} = {90835BE1-0FB4-4425-9743-59AE0A7FC92F}
		{08ECB453-6303-4373-9CAD-4CAB86906DB7} = {90835BE1-0FB4-4425-9743-59AE0A7FC92F}
		{746D5828-24A8-4C53-97BA-025CAF1C3C39} = {21660304-2B32-4952-BA80-1AADCB259B75}
		{3A073914-AA59-457F-B597-2AE239C3073D} = {746D5828-24A8-4C53-97BA-025CAF1C3C39}
		{0706943F-92DB-46DC-AB6F-EE453F97C411} = {746D5828-24A8-4C53-97BA-025CAF1C3C39}
		{CCCF2322-6F8F-4528-811E-60429417B0CE} = {746D5828-24A8-4C53-97BA-025CAF1C3C39}
		{06A4E620-9243-40AB-8B47-2F21500730D9} = {21660304-2B32-4952-BA80-1AADCB259B75}
		{47EEFBDC-C701-46A9-B43B-1043C859645A} = {06A4E620-9243-40AB-8B47-2F21500730D9}
		{C3613D82-4501-43F2-BA29-BC31F07AAC1E} = {06A4E620-9243-40AB-8B47-2F21500730D9}
		{6AA5808C-FEF0-4A1D-BB49-F01F68091727} = {06A4E620-9243-40AB-8B47-2F21500730D9}
		{0BAD8C48-98A2-4DF8-95EB-78B8B7AA0D97} = {21660304-2B32-4952-BA80-1AADCB259B75}
		{D1135A38-29D8-45EB-A1DA-0E187B332F82} = {0BAD8C48-98A2-4DF8-95EB-78B8B7AA0D97}
		{4D7B8FF7-6872-4180-8EB5-0C8D52EBA399} = {0BAD8C48-98A2-4DF8-95EB-78B8B7AA0D97}
		{49B0F1FE-CA2F-4FEA-8E6B-0AE10646E76D} = {0BAD8C48-98A2-4DF8-95EB-78B8B7AA0D97}
		{B28AA2A1-6347-4BC8-A6A6-DBA8AC479384} = {21660304-2B32-4952-BA80-1AADCB259B75}
		{2CD4EC85-999E-4476-B822-3223BD9704EE} = {B28AA2A1-6347-4BC8-A6A6-DBA8AC479384}
		{70F496F3-A34F-46C8-8D20-8DD732089BA3} = {B28AA2A1-6347-4BC8-A6A6-DBA8AC479384}
		{E0D993B2-95EA-4BC1-95C2-D0EC0797B7C2} = {B28AA2A1-6347-4BC8-A6A6-DBA8AC479384}
		{0B1DD857-D244-4084-8585-B6DD76D2C9B9} = {21660304-2B32-4952-BA80-1AADCB259B75}
		{41AE2DB4-4C8B-4FA5-968D-DE3F4B7F62F3} = {0B1DD857-D244-4084-8585-B6DD76D2C9B9}
		{320BBC66-053B-451C-8A8D-72701C8BDE6C} = {0B1DD857-D244-4084-8585-B6DD76D2C9B9}
		{4D977994-935B-4633-8983-FD8AB19DD245} = {0B1DD857-D244-4084-8585-B6DD76D2C9B9}
		{E15723AD-A383-477F-ABA9-56412E72598F} = {21660304-2B32-4952-BA80-1AADCB259B75}
		{51296F98-1EE1-42CE-B922-1B06AA00DEBD} = {E15723AD-A383-477F-ABA9-56412E72598F}
		{FBAACC16-0922-47FF-8301-18036530AFAA} = {E15723AD-A383-477F-ABA9-56412E72598F}
		{B08D4665-D3FC-4E00-BF96-9A71A1A47F0E} = {E15723AD-A383-477F-ABA9-56412E72598F}
		{792B70B1-F71F-4F23-808A-A166611E4AA8} = {21660304-2B32-4952-BA80-1AADCB259B75}
		{C20BFDB9-E26A-4656-A4A7-7344ACCD7764} = {792B70B1-F71F-4F23-808A-A166611E4AA8}
		{2FDD0BC6-2CE7-457D-99DE-AB691D00D5E1} = {792B70B1-F71F-4F23-808A-A166611E4AA8}
		{FC3FE907-A6C5-4E2D-A11C-79F9987BF6DD} = {792B70B1-F71F-4F23-808A-A166611E4AA8}
		{1A090FF1-5145-4F2F-BFF8-BF20E7025172} = {21660304-2B32-4952-BA80-1AADCB259B75}
		{FB7F5A9F-356F-4C2D-9696-3925EA95A9F6} = {1A090FF1-5145-4F2F-BFF8-BF20E7025172}
		{769EAC4B-577B-4432-948A-84AB6675EBEF} = {1A090FF1-5145-4F2F-BFF8-BF20E7025172}
		{3A53B572-A1D9-47E5-8C0B-4E81ABF69EEA} = {1A090FF1-5145-4F2F-BFF8-BF20E7025172}
		{10451DC4-92BC-48A0-A729-529C7CB1AE4E} = {21660304-2B32-4952-BA80-1AADCB259B75}
		{9AC4963A-C2EC-4B60-B638-75DAF3BA6B20} = {10451DC4-92BC-48A0-A729-529C7CB1AE4E}
		{A45A8955-5B66-4580-A394-40B4F08C85B1} = {10451DC4-92BC-48A0-A729-529C7CB1AE4E}
		{651C79BA-2F96-4092-9AD6-E96D5214872B} = {10451DC4-92BC-48A0-A729-529C7CB1AE4E}
		{7E840EC0-ECD4-42E1-A428-992D71673108} = {21660304-2B32-4952-BA80-1AADCB259B75}
		{58AFD987-287A-43D0-AD2B-652B8B900EF8} = {7E840EC0-ECD4-42E1-A428-992D71673108}
		{BE91ED09-CB7C-415D-8AA3-D751AA40DC1C} = {7E840EC0-ECD4-42E1-A428-992D71673108}
		{D083BD6E-D8BD-4E67-AD6F-5F4C0C0DD7E5} = {7E840EC0-ECD4-42E1-A428-992D71673108}
		{51AEA05C-FEBF-40D1-A2B7-8A6AF2FC38FA} = {21660304-2B32-4952-BA80-1AADCB259B75}
		{1582D31B-513D-4BD5-BA30-A45E8BD23E54} = {51AEA05C-FEBF-40D1-A2B7-8A6AF2FC38FA}
		{BD31053D-97E0-4ADA-ACE4-9467288CEB9F} = {51AEA05C-FEBF-40D1-A2B7-8A6AF2FC38FA}
		{084C8BA4-1C03-4501-B93C-A79828A409CA} = {51AEA05C-FEBF-40D1-A2B7-8A6AF2FC38FA}
		{D203D7D7-E4C9-4311-8A78-76C431562DF4} = {E8250C1F-3938-4A88-B390-CA6736E5F936}
		{72939C16-E3B1-42C8-86DE-D0F746A02EB1} = {E8250C1F-3938-4A88-B390-CA6736E5F936}
		{95A698E8-3D24-403C-B264-777FB0BD9D12} = {72939C16-E3B1-42C8-86DE-D0F746A02EB1}
		{D34CB223-F4F0-4B3B-BA83-E166D0452916} = {21660304-2B32-4952-BA80-1AADCB259B75}
		{199CB67C-0005-401E-B345-1DAA48B34C24} = {D34CB223-F4F0-4B3B-BA83-E166D0452916}
		{74307BF0-1B12-4ECE-8BBE-9744B6AB4E55} = {0DC05D9B-99CC-425A-85C3-AAC9ED9ED60D}
	EndGlobalSection
	GlobalSection(ExtensibilityGlobals) = postSolution
		SolutionGuid = {6F3ADF19-E247-4D2F-B311-85CA2629334D}
	EndGlobalSection
EndGlobal
